version = 1
revision = 3
requires-python = "==3.11.*"

[[package]]
name = "bencher-contract-tests"
version = "0.1.0"
source = { virtual = "." }
dependencies = [
    { name = "bencherscaffold" },
]

[package.dev-dependencies]
dev = [
    { name = "packaging" },
    { name = "pytest" },
]

[package.metadata]
requires-dist = [{ name = "bencherscaffold", specifier = "~=0.6.4" }]

[package.metadata.requires-dev]
dev = [
    { name = "packaging", specifier = ">=24" },
    { name = "pytest", specifier = ">=8,<9" },
]

[[package]]
name = "bencherscaffold"
version = "0.6.4"
source = { registry = "https://pypi.org/simple" }
dependencies = [
    { name = "grpcio" },
    { name = "protobuf" },
]
sdist = { url = "https://files.pythonhosted.org/packages/06/d5/c178ad90a83d76f7431050658de170e00fcb58e5e3bdcf1a87a572d8162d/bencherscaffold-0.6.4.tar.gz", hash = "sha256:09b498f14005a1da14a17e4dd9152f85c82ab976a849da577cecf37f744cc2bb", size = 7537, upload-time = "2026-09-22T13:46:53.188Z" }
wheels = [
    { url = "https://files.pythonhosted.org/packages/c4/95/5ddc3911bb37a659dfbac3c1d1017ddfac4fb23151a303e2e1bc586d86e1/bencherscaffold-0.6.4-py3-none-any.whl", hash = "sha256:1221d3dce3a830a01e2496eccf8a6f94ddcf24f40946f847e11d68ef121d11e8", size = 12462, upload-time = "2026-09-22T13:46:52.038Z" },
]

[[package]]
name = "colorama"
version = "0.4.6"
source = { registry = "https://pypi.org/simple" }
sdist = { url = "https://files.pythonhosted.org/packages/d8/53/6f443c9a4a8358a93a6792e2acffb9d9d5cb0a5cfd8802644b7b1c9a02e4/colorama-0.4.6.tar.gz", hash = "sha256:08695f5cb7ed6e0531a20572697297273c47b8cae5a63ffc6d6ed5c201be6e44", size = 27697, upload-time = "2022-10-25T02:36:22.414Z" }
wheels = [
    { url = "https://files.pythonhosted.org/packages/d1/d6/3965ed04c63042e047cb6a3e6ed1a63a35087b6a609aa3a15ed8ac56c221/colorama-0.4.6-py2.py3-none-any.whl", hash = "sha256:4f1d9991f5acc0ca119f9d443620b77f9d6b33703e51011c16baf57afb285fc6", size = 25335, upload-time = "2022-10-25T02:36:20.889Z" },
]

[[package]]
name = "grpcio"
version = "1.70.0"
source = { registry = "https://pypi.org/simple" }
sdist = { url = "https://files.pythonhosted.org/packages/69/e1/4b21b5017c33f3600dcc32b802bb48fe44a4d36d6c066f52650c7c2690fa/grpcio-1.70.0.tar.gz", hash = "sha256:8d1584a68d5922330025881e63a6c1b54cc8117291d382e4fa69339b6d914c56", size = 12788932, upload-time = "2025-01-23T18:00:17.288Z" }
wheels = [
    { url = "https://files.pythonhosted.org/packages/65/c4/1f67d23d6bcadd2fd61fb460e5969c52b3390b4a4e254b5e04a6d1009e5e/grpcio-1.70.0-cp311-cp311-linux_armv7l.whl", hash = "sha256:17325b0be0c068f35770f944124e8839ea3185d6d54862800fc28cc2ffad205a", size = 5229017, upload-time = "2025-01-23T17:53:44.732Z" },
    { url = "https://files.pythonhosted.org/packages/e4/bd/cc36811c582d663a740fb45edf9f99ddbd99a10b6ba38267dc925e1e193a/grpcio-1.70.0-cp311-cp311-macosx_10_14_universal2.whl", hash = "sha256:dbe41ad140df911e796d4463168e33ef80a24f5d21ef4d1e310553fcd2c4a386", size = 11472027, upload-time = "2025-01-23T17:53:50.417Z" },
    { url = "https://files.pythonhosted.org/packages/7e/32/8538bb2ace5cd72da7126d1c9804bf80b4fe3be70e53e2d55675c24961a8/grpcio-1.70.0-cp311-cp311-manylinux_2_17_aarch64.whl", hash = "sha256:5ea67c72101d687d44d9c56068328da39c9ccba634cabb336075fae2eab0d04b", size = 5707785, upload-time = "2025-01-23T17:53:54.511Z" },
    { url = "https://files.pythonhosted.org/packages/ce/5c/a45f85f2a0dfe4a6429dee98717e0e8bd7bd3f604315493c39d9679ca065/grpcio-1.70.0-cp311-cp311-manylinux_2_17_i686.manylinux2014_i686.whl", hash = "sha256:cb5277db254ab7586769e490b7b22f4ddab3876c490da0a1a9d7c695ccf0bf77", size = 6331599, upload-time = "2025-01-23T17:53:58.156Z" },
    { url = "https://files.pythonhosted.org/packages/9f/e5/5316b239380b8b2ad30373eb5bb25d9fd36c0375e94a98a0a60ea357d254/grpcio-1.70.0-cp311-cp311-manylinux_2_17_x86_64.manylinux2014_x86_64.whl", hash = "sha256:e7831a0fc1beeeb7759f737f5acd9fdcda520e955049512d68fda03d91186eea", size = 5940834, upload-time = "2025-01-23T17:54:00.404Z" },
    { url = "https://files.pythonhosted.org/packages/05/33/dbf035bc6d167068b4a9f2929dfe0b03fb763f0f861ecb3bb1709a14cb65/grpcio-1.70.0-cp311-cp311-musllinux_1_1_i686.whl", hash = "sha256:27cc75e22c5dba1fbaf5a66c778e36ca9b8ce850bf58a9db887754593080d839", size = 6641191, upload-time = "2025-01-23T17:54:02.916Z" },
    { url = "https://files.pythonhosted.org/packages/4c/c4/684d877517e5bfd6232d79107e5a1151b835e9f99051faef51fed3359ec4/grpcio-1.70.0-cp311-cp311-musllinux_1_1_x86_64.whl", hash = "sha256:d63764963412e22f0491d0d32833d71087288f4e24cbcddbae82476bfa1d81fd", size = 6198744, upload-time = "2025-01-23T17:54:06.842Z" },
    { url = "https://files.pythonhosted.org/packages/e9/43/92fe5eeaf340650a7020cfb037402c7b9209e7a0f3011ea1626402219034/grpcio-1.70.0-cp311-cp311-win32.whl", hash = "sha256:bb491125103c800ec209d84c9b51f1c60ea456038e4734688004f377cfacc113", size = 3617111, upload-time = "2025-01-23T17:54:10.329Z" },
    { url = "https://files.pythonhosted.org/packages/55/15/b6cf2c9515c028aff9da6984761a3ab484a472b0dc6435fcd07ced42127d/grpcio-1.70.0-cp311-cp311-win_amd64.whl", hash = "sha256:d24035d49e026353eb042bf7b058fb831db3e06d52bee75c5f2f3ab453e71aca", size = 4304604, upload-time = "2025-01-23T17:54:12.844Z" },
]

[[package]]
name = "iniconfig"
version = "2.3.0"
source = { registry = "https://pypi.org/simple" }
sdist = { url = "https://files.pythonhosted.org/packages/72/34/14ca021ce8e5dfedc35312d08ba8bf51fdd999c576889fc2c24cb97f4f10/iniconfig-2.3.0.tar.gz", hash = "sha256:c76315c77db068650d49c5b56314774a7804df16fee4402c1f19d6d15d8c4730", size = 20503, upload-time = "2025-10-18T21:55:43.219Z" }
wheels = [
    { url = "https://files.pythonhosted.org/packages/cb/b1/3846dd7f199d53cb17f49cba7e651e9ce294d8497c8c150530ed11865bb8/iniconfig-2.3.0-py3-none-any.whl", hash = "sha256:f631c04d2c48c52b84d0d0549c99ff3859c98df65b3101406327ecc7d53fbf12", size = 7484, upload-time = "2025-10-18T21:55:41.639Z" },
]

[[package]]
name = "packaging"
version = "26.3"
source = { registry = "https://pypi.org/simple" }
sdist = { url = "https://files.pythonhosted.org/packages/7d/fa/3944b40b07da9ce895c0e6303a5ab7d53da063554f534556b134a54d6093/packaging-26.3.tar.gz", hash = "sha256:94edc256424af38762eb31306eed28beb9f0efc50a8837492c9d6fd6004aed79", size = 313412, upload-time = "2026-08-04T18:15:28.737Z" }
wheels = [
    { url = "https://files.pythonhosted.org/packages/63/34/ba1c580383c9eada3711951fef0795c80b829a078d72188184bcab9dd527/packaging-26.3-py3-none-any.whl", hash = "sha256:d7193f7c8e4e93f444fde0262bf90af30e16fa0ad0ad44cb553c87339b23cd1c", size = 129956, upload-time = "2026-08-04T18:15:27.159Z" },
]

[[package]]
name = "pluggy"
version = "1.6.0"
source = { registry = "https://pypi.org/simple" }
sdist = { url = "https://files.pythonhosted.org/packages/f9/e2/3e91f31a7d2b083fe6ef3fa267035b518369d9511ffab804f839851d2779/pluggy-1.6.0.tar.gz", hash = "sha256:7dcc130b76258d33b90f61b658791dede3486c3e6bfb003ee5c9bfb396dd22f3", size = 69412, upload-time = "2025-05-15T12:30:07.975Z" }
wheels = [
    { url = "https://files.pythonhosted.org/packages/54/20/4d324d65cc6d9205fabedc306948156824eb9f0ee1633355a8f7ec5c66bf/pluggy-1.6.0-py3-none-any.whl", hash = "sha256:e920276dd6813095e9377c0bc5566d94c932c33b27a3e3945d8389c374dd4746", size = 20538, upload-time = "2025-05-15T12:30:06.134Z" },
]

[[package]]
name = "protobuf"
version = "4.25.9"
source = { registry = "https://pypi.org/simple" }
sdist = { url = "https://files.pythonhosted.org/packages/d9/8e/d08c41a8c004e1d437ef467e7c4f9c3295cd784eba48ed5d1d01f94b1dad/protobuf-4.25.9.tar.gz", hash = "sha256:b0dc7e7c68de8b1ce831dacb12fb407e838edbb8b6cc0dc3a2a6b4cbf6de9cff", size = 381040, upload-time = "2026-03-25T23:09:36.423Z" }
wheels = [
    { url = "https://files.pythonhosted.org/packages/a8/e9/59435bd04bdd46cb38c42a336b22f9843e8e586ff83c35a5423f8b14704e/protobuf-4.25.9-cp310-abi3-win32.whl", hash = "sha256:bde396f568b0b46fc8fbfe9f02facf25b6755b2578a3b8ac61e74b9d69499e03", size = 392879, upload-time = "2026-03-25T23:09:21.32Z" },
    { url = "https://files.pythonhosted.org/packages/f3/16/42a5c7f1001783d2b5bfcecde10127f09010f78982c86ae409122ce3ece6/protobuf-4.25.9-cp310-abi3-win_amd64.whl", hash = "sha256:3683c05154252206f7cb2d371626514b3708199d9bcf683b503dabf3a2e38e06", size = 413900, upload-time = "2026-03-25T23:09:23.589Z" },
    { url = "https://files.pythonhosted.org/packages/56/5b/0074a0a9eb01f3d1c4648ca5e81b22090c811b210b61df9018ac6d6c5cda/protobuf-4.25.9-cp37-abi3-macosx_10_9_universal2.whl", hash = "sha256:9560813560e6ee72c11ca8873878bdb7ee003c96a57ebb013245fe84e2540904", size = 394826, upload-time = "2026-03-25T23:09:25.194Z" },
    { url = "https://files.pythonhosted.org/packages/54/aa/b2dba856f64c36b2a06c67be1472de98cca07a2322d0f0cbf03279a40e5b/protobuf-4.25.9-cp37-abi3-manylinux2014_aarch64.whl", hash = "sha256:999146ef02e7fa6a692477badd1528bcd7268df211852a3df2d834ba2b480791", size = 294191, upload-time = "2026-03-25T23:09:26.613Z" },
    { url = "https://files.pythonhosted.org/packages/a8/5c/53f18822017b8bda6bd8bb4e02048e911fdc79a3dafdc83ab994fe922a84/protobuf-4.25.9-cp37-abi3-manylinux2014_x86_64.whl", hash = "sha256:438c636de8fb706a0de94a12a268ef1ae8f5ba5ae655a7671fcda5968ba3c9be", size = 295178, upload-time = "2026-03-25T23:09:27.839Z" },
    { url = "https://files.pythonhosted.org/packages/16/28/d5065b212685875d3924bcdb3201cbf467cb4d58a18aa19a8dfd99ea80a9/protobuf-4.25.9-py3-none-any.whl", hash = "sha256:d49b615e7c935194ac161f0965699ac84df6112c378e05ec53da65d2e4cbb6d4", size = 156822, upload-time = "2026-03-25T23:09:34.957Z" },
]

[[package]]
name = "pygments"
version = "2.21.0"
source = { registry = "https://pypi.org/simple" }
sdist = { url = "https://files.pythonhosted.org/packages/49/2e/ced460408999b33da6b31b0021b0f37d329e202d4169aeb164493778f25b/pygments-2.21.0.tar.gz", hash = "sha256:610ca751c9bc2492b38eb9a38a7fbc93edbbb2d7182edaf34e66ae493dee5c8c", size = 5005329, upload-time = "2026-08-17T08:02:48.824Z" }
wheels = [
    { url = "https://files.pythonhosted.org/packages/71/46/17f022dd3e953bf20a04a028a21ec746d942f8d2af30fa0f124fa0e6a684/pygments-2.21.0-py3-none-any.whl", hash = "sha256:2363c69b61c4a97c838da3b130dcd6468f4848992b21a82f2a63ec34377137d9", size = 1250147, upload-time = "2026-08-17T08:02:44.912Z" },
]

[[package]]
name = "pytest"
version = "8.4.2"
source = { registry = "https://pypi.org/simple" }
dependencies = [
    { name = "colorama", marker = "sys_platform == 'win32'" },
    { name = "iniconfig" },
    { name = "packaging" },
    { name = "pluggy" },
    { name = "pygments" },
]
sdist = { url = "https://files.pythonhosted.org/packages/a3/5c/00a0e072241553e1a7496d638deababa67c5058571567b92a7eaa258397c/pytest-8.4.2.tar.gz", hash = "sha256:86c0d0b93306b961d58d62a4db4879f27fe25513d4b969df351abdddb3c30e01", size = 1519618, upload-time = "2025-09-04T14:34:22.711Z" }
wheels = [
    { url = "https://files.pythonhosted.org/packages/a8/a4/20da314d277121d6534b3a980b29035dcd51e6744bd79075a6ce8fa4eb8d/pytest-8.4.2-py3-none-any.whl", hash = "sha256:872f880de3fc3a5bdc88a11b39c9710c3497a547cfa9320bc3c5e62fbf272e79", size = 365750, upload-time = "2025-09-04T14:34:20.226Z" },
]
