version = 1
revision = 3
requires-python = "==3.8.*"

[[package]]
name = "absl-py"
version = "2.2.2"
source = { registry = "https://pypi.org/simple" }
sdist = { url = "https://files.pythonhosted.org/packages/b5/f0/e6342091061ed3a46aadc116b13edd7bb5249c3ab1b3ef07f24b0c248fc3/absl_py-2.2.2.tar.gz", hash = "sha256:bf25b2c2eed013ca456918c453d687eab4e8309fba81ee2f4c1a6aa2494175eb", size = 119982, upload-time = "2025-04-03T12:41:04.55Z" }
wheels = [
    { url = "https://files.pythonhosted.org/packages/f6/d4/349f7f4bd5ea92dab34f5bb0fe31775ef6c311427a14d5a5b31ecb442341/absl_py-2.2.2-py3-none-any.whl", hash = "sha256:e5797bc6abe45f64fd95dc06394ca3f2bedf3b5d895e9da691c9ee3397d70092", size = 135565, upload-time = "2025-04-03T12:41:03.172Z" },
]

[[package]]
name = "bencherscaffold"
version = "0.3.6"
source = { registry = "https://pypi.org/simple" }
dependencies = [
    { name = "grpcio" },
    { name = "protobuf" },
]
sdist = { url = "https://files.pythonhosted.org/packages/96/4b/66adc4e6d1156fcac39af86056bb9341a8097196d9be0d1da3038ff89567/bencherscaffold-0.3.6.tar.gz", hash = "sha256:e7df18798bef7905f7569e18f43e88ef8db1da40cdcc08f71167bd295cebfb59", size = 5166, upload-time = "2025-11-26T16:17:39.655Z" }
wheels = [
    { url = "https://files.pythonhosted.org/packages/00/17/7fb4cf5c8ed3639d67e75ebb0fdcfa71c6d02d7287d6665b1afdc17100dc/bencherscaffold-0.3.6-py3-none-any.whl", hash = "sha256:e68db278ad77dc3d754a9b33f8bb4360a022ea9daf0cb527f3e78cfb92be0dca", size = 9938, upload-time = "2025-11-26T16:17:38.695Z" },
]

[[package]]
name = "box2d"
version = "2.3.10"
source = { registry = "https://pypi.org/simple" }
wheels = [
    { url = "https://files.pythonhosted.org/packages/73/04/c9bc6ccbf9126ef52510d717e9be48124f7db3b910cd39fe5b7394c3a7f8/Box2D-2.3.10-cp38-cp38-macosx_10_9_x86_64.whl", hash = "sha256:9dd6a58d2dcf1b3b2e91ce2b5d50b548f53cad055739fb3f2cfd6296bd5ed138", size = 1348325, upload-time = "2020-04-12T00:05:48.228Z" },
    { url = "https://files.pythonhosted.org/packages/90/da/2bf125ffe779715a421d10c67c0eb6a7be5c7b4e3f6872e6ee518a350351/Box2D-2.3.10-cp38-cp38-macosx_11_0_arm64.whl", hash = "sha256:d77205c028f715b74b95a5abb987253a60741702d266ac4657e02b079f1291e8", size = 1286856, upload-time = "2024-11-29T18:24:07.273Z" },
    { url = "https://files.pythonhosted.org/packages/4e/9d/7f79ba35454c7ad907d2ba0548caad05dffb32db82760f19edeb2ec75de2/Box2D-2.3.10-cp38-cp38-manylinux1_i686.whl", hash = "sha256:edf96b308df449b9051e6f8079c926cfa4106c065d04608594b91b9f6d1dcb43", size = 1254676, upload-time = "2020-04-12T00:06:58.817Z" },
    { url = "https://files.pythonhosted.org/packages/72/42/6a8e18a93f75c84fd065cc9b57a4117219fa3c5a002a80cab8f339883ec8/Box2D-2.3.10-cp38-cp38-manylinux1_x86_64.whl", hash = "sha256:802975ac751df1d7f5e98086503227cc74ad0033c7509eb0fb08d3dd9598fea9", size = 1316486, upload-time = "2020-04-12T00:06:43.044Z" },
    { url = "https://files.pythonhosted.org/packages/c4/49/e1f56b371f7d14d826bdb8e9b7b8f28112100028e3ca9a2f7034f4df0b6e/Box2D-2.3.10-cp38-cp38-manylinux_2_17_x86_64.manylinux2014_x86_64.whl", hash = "sha256:8d2ab98bb58f7cc8cedb598abd25f8adafd85ca2dce281e1e1ed1e4ddb845080", size = 3663706, upload-time = "2024-11-29T18:24:38.903Z" },
    { url = "https://files.pythonhosted.org/packages/92/d0/97358a2ee739276e1fea2a726280577279c8dcc46c7c5e7ab23588f3b35f/Box2D-2.3.10-cp38-cp38-manylinux_2_5_i686.manylinux1_i686.manylinux_2_17_i686.manylinux2014_i686.whl", hash = "sha256:ccd8c4c399f1ff8e52a37c47e66dc69b54049bb2e9e472f5a144c9de837be38d", size = 3371966, upload-time = "2024-11-29T18:24:41.66Z" },
    { url = "https://files.pythonhosted.org/packages/07/58/4f5a058a72a91f95224200ad38d4f87fb4800dcfd52f38184172b824d01d/Box2D-2.3.10-cp38-cp38-musllinux_1_2_i686.whl", hash = "sha256:18cb774cde862d6a62e1cdf8cd24fdda1a330ec6ef5c1303631acb24cc6dbe19", size = 4326199, upload-time = "2024-11-29T18:24:58.059Z" },
    { url = "https://files.pythonhosted.org/packages/3f/96/73a3bf7680d4899ef9d5ecbe489f22e372b802019c9dd80fd4f2ccc16864/Box2D-2.3.10-cp38-cp38-musllinux_1_2_x86_64.whl", hash = "sha256:423d684227d72af68bcc6219f6468ef7261adbed5dd2a9e97524caf98367a397", size = 4382339, upload-time = "2024-11-29T18:25:20.88Z" },
    { url = "https://files.pythonhosted.org/packages/ac/b8/7016a3b1ef7e3f9d8ec6da5a5e2d9fc04f69f36afb307cc5c641a48d11b9/Box2D-2.3.10-cp38-cp38-win32.whl", hash = "sha256:dca4b52b75ceb0dcc7de0d07f5fee639c707326d8a266bb89994cd3f713859f8", size = 1189002, upload-time = "2020-04-12T00:09:40.941Z" },
    { url = "https://files.pythonhosted.org/packages/6c/90/34166d73babf9010c06cf890c48c1155aec4d69125267e9777040e058ccd/Box2D-2.3.10-cp38-cp38-win_amd64.whl", hash = "sha256:777f5d8f56ca10821f0e08363887058e94e9b1c5c1a6d5d007e5c2a93c0d6215", size = 1293946, upload-time = "2020-04-12T00:10:55.458Z" },
    { url = "https://files.pythonhosted.org/packages/ce/27/ed446539ce4ba0795362df59b5096bd14ffb223b7f386073c9211c1130c6/Box2D-2.3.10-pp38-pypy38_pp73-macosx_10_9_x86_64.whl", hash = "sha256:8ee00a4ebcd2588bc7e05d1ca70cfb67e9e959c2eefe8c3085ff5246c89d7bd3", size = 1248233, upload-time = "2024-11-29T18:30:09.724Z" },
    { url = "https://files.pythonhosted.org/packages/44/9b/a15ceaf7fd0919f9912ee51613930002f10086f30054614fe72c2d15fa96/Box2D-2.3.10-pp38-pypy38_pp73-macosx_11_0_arm64.whl", hash = "sha256:fd0b395aad03f6caa25e5730af0ac649a0b8476dd4cd741eb1575beb1efa5bab", size = 1222331, upload-time = "2024-11-29T18:30:15.09Z" },
    { url = "https://files.pythonhosted.org/packages/7a/e5/4ed3c3c01aa32800e5d4df6e334a8e3681543fb2b6135d8ea8e99074e14e/Box2D-2.3.10-pp38-pypy38_pp73-manylinux_2_17_x86_64.manylinux2014_x86_64.whl", hash = "sha256:2cf6a8afeb26e2e9918919dd0d7d6be07167d00c942aee851ac0e69830a17fd4", size = 1336531, upload-time = "2024-11-29T18:30:27.653Z" },
    { url = "https://files.pythonhosted.org/packages/af/d9/f090ace2dfb53e37a01e45829a245f21497b9a9930c6543ff6c19a73cac0/Box2D-2.3.10-pp38-pypy38_pp73-manylinux_2_5_i686.manylinux1_i686.manylinux_2_17_i686.manylinux2014_i686.whl", hash = "sha256:bbb68c114152b4d6c9efd52fb8c3c227db1d518e1926c29168b07ce126b98b7b", size = 1295216, upload-time = "2024-11-29T18:30:50.887Z" },
    { url = "https://files.pythonhosted.org/packages/84/85/49168972a312cde72209011bcf2c0f872c70031abcd892db633ff466874f/Box2D-2.3.10-pp38-pypy38_pp73-win_amd64.whl", hash = "sha256:1f6fbfabcbe7f6c98aed3f94d795324406681f7696987c32cc1194c89afaf90e", size = 1311236, upload-time = "2024-11-29T18:30:54.006Z" },
]

[[package]]
name = "box2d-py"
version = "2.3.8"
source = { registry = "https://pypi.org/simple" }
sdist = { url = "https://files.pythonhosted.org/packages/98/c2/ab05b5329dc4416b5ee5530f0625a79c394a3e3c10abe0812b9345256451/box2d-py-2.3.8.tar.gz", hash = "sha256:bdacfbbc56079bb317548efe49d3d5a86646885cc27f4a2ee97e4b2960921ab7", size = 374458, upload-time = "2018-11-17T00:50:51.363Z" }

[[package]]
name = "cffi"
version = "1.17.1"
source = { registry = "https://pypi.org/simple" }
dependencies = [
    { name = "pycparser" },
]
sdist = { url = "https://files.pythonhosted.org/packages/fc/97/c783634659c2920c3fc70419e3af40972dbaf758daa229a7d6ea6135c90d/cffi-1.17.1.tar.gz", hash = "sha256:1c39c6016c32bc48dd54561950ebd6836e1670f2ae46128f67cf49e789c52824", size = 516621, upload-time = "2024-09-04T20:45:21.852Z" }
wheels = [
    { url = "https://files.pythonhosted.org/packages/48/08/15bf6b43ae9bd06f6b00ad8a91f5a8fe1069d4c9fab550a866755402724e/cffi-1.17.1-cp38-cp38-macosx_10_9_x86_64.whl", hash = "sha256:636062ea65bd0195bc012fea9321aca499c0504409f413dc88af450b57ffd03b", size = 182457, upload-time = "2024-09-04T20:44:47.892Z" },
    { url = "https://files.pythonhosted.org/packages/c2/5b/f1523dd545f92f7df468e5f653ffa4df30ac222f3c884e51e139878f1cb5/cffi-1.17.1-cp38-cp38-manylinux_2_12_i686.manylinux2010_i686.manylinux_2_17_i686.manylinux2014_i686.whl", hash = "sha256:c7eac2ef9b63c79431bc4b25f1cd649d7f061a28808cbc6c47b534bd789ef964", size = 425932, upload-time = "2024-09-04T20:44:49.491Z" },
    { url = "https://files.pythonhosted.org/packages/53/93/7e547ab4105969cc8c93b38a667b82a835dd2cc78f3a7dad6130cfd41e1d/cffi-1.17.1-cp38-cp38-manylinux_2_17_aarch64.manylinux2014_aarch64.whl", hash = "sha256:e221cf152cff04059d011ee126477f0d9588303eb57e88923578ace7baad17f9", size = 448585, upload-time = "2024-09-04T20:44:51.671Z" },
    { url = "https://files.pythonhosted.org/packages/56/c4/a308f2c332006206bb511de219efeff090e9d63529ba0a77aae72e82248b/cffi-1.17.1-cp38-cp38-manylinux_2_17_ppc64le.manylinux2014_ppc64le.whl", hash = "sha256:31000ec67d4221a71bd3f67df918b1f88f676f1c3b535a7eb473255fdc0b83fc", size = 456268, upload-time = "2024-09-04T20:44:53.51Z" },
    { url = "https://files.pythonhosted.org/packages/ca/5b/b63681518265f2f4060d2b60755c1c77ec89e5e045fc3773b72735ddaad5/cffi-1.17.1-cp38-cp38-manylinux_2_17_s390x.manylinux2014_s390x.whl", hash = "sha256:6f17be4345073b0a7b8ea599688f692ac3ef23ce28e5df79c04de519dbc4912c", size = 436592, upload-time = "2024-09-04T20:44:55.085Z" },
    { url = "https://files.pythonhosted.org/packages/bb/19/b51af9f4a4faa4a8ac5a0e5d5c2522dcd9703d07fac69da34a36c4d960d3/cffi-1.17.1-cp38-cp38-manylinux_2_17_x86_64.manylinux2014_x86_64.whl", hash = "sha256:0e2b1fac190ae3ebfe37b979cc1ce69c81f4e4fe5746bb401dca63a9062cdaf1", size = 446512, upload-time = "2024-09-04T20:44:57.135Z" },
    { url = "https://files.pythonhosted.org/packages/e2/63/2bed8323890cb613bbecda807688a31ed11a7fe7afe31f8faaae0206a9a3/cffi-1.17.1-cp38-cp38-win32.whl", hash = "sha256:7596d6620d3fa590f677e9ee430df2958d2d6d6de2feeae5b20e82c00b76fbf8", size = 171576, upload-time = "2024-09-04T20:44:58.535Z" },
    { url = "https://files.pythonhosted.org/packages/2f/70/80c33b044ebc79527447fd4fbc5455d514c3bb840dede4455de97da39b4d/cffi-1.17.1-cp38-cp38-win_amd64.whl", hash = "sha256:78122be759c3f8a014ce010908ae03364d00a1f81ab5c7f4a7a5120607ea56e1", size = 181229, upload-time = "2024-09-04T20:44:59.963Z" },
]

[[package]]
name = "cloudpickle"
version = "3.1.1"
source = { registry = "https://pypi.org/simple" }
sdist = { url = "https://files.pythonhosted.org/packages/52/39/069100b84d7418bc358d81669d5748efb14b9cceacd2f9c75f550424132f/cloudpickle-3.1.1.tar.gz", hash = "sha256:b216fa8ae4019d5482a8ac3c95d8f6346115d8835911fd4aefd1a445e4242c64", size = 22113, upload-time = "2025-01-14T17:02:05.085Z" }
wheels = [
    { url = "https://files.pythonhosted.org/packages/7e/e8/64c37fadfc2816a7701fa8a6ed8d87327c7d54eacfbfb6edab14a2f2be75/cloudpickle-3.1.1-py3-none-any.whl", hash = "sha256:c8c5a44295039331ee9dad40ba100a9c7297b6f988e50e87ccdf3765a668350e", size = 20992, upload-time = "2025-01-14T17:02:02.417Z" },
]

[[package]]
name = "cython"
version = "0.29.37"
source = { registry = "https://pypi.org/simple" }
sdist = { url = "https://files.pythonhosted.org/packages/2a/97/8cc3fe7c6de4796921236a64d00ca8a95565772e57f0d3caae68d880b592/Cython-0.29.37.tar.gz", hash = "sha256:f813d4a6dd94adee5d4ff266191d1d95bf6d4164a4facc535422c021b2504cfb", size = 2099621, upload-time = "2023-12-19T09:22:39.397Z" }
wheels = [
    { url = "https://files.pythonhosted.org/packages/f9/44/599aaab5a0b81e52b462b1d1a6b19eeb1f184c04769f775f724c5dab5e6f/Cython-0.29.37-cp38-cp38-manylinux_2_17_aarch64.manylinux2014_aarch64.manylinux_2_24_aarch64.whl", hash = "sha256:b6c48f1032b379135a5b4a31976d6c468e02490688acf9254c6c8ed27bd4cbd4", size = 1836474, upload-time = "2023-12-19T09:24:51.301Z" },
    { url = "https://files.pythonhosted.org/packages/10/46/9a1b428442d09a6496d56e913ff4c3f4a1db119adc45d45ad2655bcb2a68/Cython-0.29.37-cp38-cp38-manylinux_2_17_x86_64.manylinux2014_x86_64.manylinux_2_24_x86_64.whl", hash = "sha256:3f87bef1808d255cf13be378c7ad27ae7c6db6df7732217d32428d1daf4109be", size = 1937894, upload-time = "2023-12-19T09:24:53.977Z" },
    { url = "https://files.pythonhosted.org/packages/15/bf/def9c0352ac718c1d05fff7f550395e9f1f88b9e49eec795d4c42c4b1a96/Cython-0.29.37-cp38-cp38-manylinux_2_5_i686.manylinux1_i686.manylinux_2_24_i686.whl", hash = "sha256:9e68bafeeb97d5a403fb1f7700bd4a55a1f8989824c323ae02ae8a4fcd88f6a1", size = 1937795, upload-time = "2023-12-19T09:24:56.969Z" },
    { url = "https://files.pythonhosted.org/packages/8f/db/b1ad82f6b478597cf2ec4c71419e03966c60b0e82713bc2d9d8c6fdd121f/Cython-0.29.37-cp38-cp38-manylinux_2_5_i686.manylinux1_i686.whl", hash = "sha256:e14cd44c830e53cf9d7269c87a6bcc638bb065ec07e24990e338162c7001d3c3", size = 1864513, upload-time = "2023-12-19T09:24:59.708Z" },
    { url = "https://files.pythonhosted.org/packages/2a/4e/0da19ee2896f32823a78035c23775324a1488a1fd1ce04bb0f5ad68dd14b/Cython-0.29.37-cp38-cp38-manylinux_2_5_x86_64.manylinux1_x86_64.whl", hash = "sha256:0544f7a3e4437b89b356baa15387494c18214e03f2ffaddada5a2c71c3dfd24b", size = 1932838, upload-time = "2023-12-19T09:25:04.047Z" },
    { url = "https://files.pythonhosted.org/packages/72/7b/977bec95d2dd10d5f04f79ff040d25c73313634f1cdb5ab3268742cc8dfa/Cython-0.29.37-cp38-cp38-musllinux_1_1_x86_64.whl", hash = "sha256:2de3e729d25f041036e81e2f15683dd129f977dfb5b06267e30e8d7acec43225", size = 2044305, upload-time = "2023-12-19T09:25:08.641Z" },
    { url = "https://files.pythonhosted.org/packages/7e/26/9d8de10005fedb1eceabe713348d43bae1dbab1786042ca0751a2e2b0f8c/Cython-0.29.37-py2.py3-none-any.whl", hash = "sha256:95f1d6a83ef2729e67b3fa7318c829ce5b07ac64c084cd6af11c228e0364662c", size = 989503, upload-time = "2023-12-19T09:22:32.861Z" },
]

[[package]]
name = "fasteners"
version = "0.19"
source = { registry = "https://pypi.org/simple" }
sdist = { url = "https://files.pythonhosted.org/packages/5f/d4/e834d929be54bfadb1f3e3b931c38e956aaa3b235a46a3c764c26c774902/fasteners-0.19.tar.gz", hash = "sha256:b4f37c3ac52d8a445af3a66bce57b33b5e90b97c696b7b984f530cf8f0ded09c", size = 24832, upload-time = "2023-09-19T17:11:20.228Z" }
wheels = [
    { url = "https://files.pythonhosted.org/packages/61/bf/fd60001b3abc5222d8eaa4a204cd8c0ae78e75adc688f33ce4bf25b7fafa/fasteners-0.19-py3-none-any.whl", hash = "sha256:758819cb5d94cdedf4e836988b74de396ceacb8e2794d21f82d131fd9ee77237", size = 18679, upload-time = "2023-09-19T17:11:18.725Z" },
]

[[package]]
name = "glfw"
version = "2.9.0"
source = { registry = "https://pypi.org/simple" }
sdist = { url = "https://files.pythonhosted.org/packages/38/97/a2d667c98b8474f6b8294042488c1bd488681fb3cb4c3b9cdac1a9114287/glfw-2.9.0.tar.gz", hash = "sha256:077111a150ff09bc302c5e4ae265a5eb6aeaff0c8b01f727f7fb34e3764bb8e2", size = 31453, upload-time = "2025-04-15T15:39:54.142Z" }
wheels = [
    { url = "https://files.pythonhosted.org/packages/21/71/13dd8a8d547809543d21de9438a3a76a8728fc7966d01ad9fb54599aebf5/glfw-2.9.0-py2.py27.py3.py30.py31.py32.py33.py34.py35.py36.py37.py38.p39.p310.p311.p312.p313-none-macosx_10_6_intel.whl", hash = "sha256:183da99152f63469e9263146db2eb1b6cc4ee0c4082b280743e57bd1b0a3bd70", size = 105297, upload-time = "2025-04-15T15:39:39.677Z" },
    { url = "https://files.pythonhosted.org/packages/f8/a2/45e6dceec1e0a0ffa8dd3c0ecf1e11d74639a55186243129160c6434d456/glfw-2.9.0-py2.py27.py3.py30.py31.py32.py33.py34.py35.py36.py37.py38.p39.p310.p311.p312.p313-none-macosx_11_0_arm64.whl", hash = "sha256:aef5b555673b9555216e4cd7bc0bdbbb9983f66c620a85ba7310cfcfda5cd38c", size = 102146, upload-time = "2025-04-15T15:39:42.354Z" },
    { url = "https://files.pythonhosted.org/packages/d2/72/b6261ed918e3747c6070fe80636c63a3c8f1c42ce122670315eeeada156f/glfw-2.9.0-py2.py27.py3.py30.py31.py32.py33.py34.py35.py36.py37.py38.p39.p310.p311.p312.p313-none-manylinux2014_aarch64.whl", hash = "sha256:fcc430cb21984afba74945b7df38a5e1a02b36c0b4a2a2bab42b4a26d7cc51d6", size = 230002, upload-time = "2025-04-15T15:39:43.933Z" },
    { url = "https://files.pythonhosted.org/packages/45/d6/7f95786332e8b798569b8e60db2ee081874cec2a62572b8ec55c309d85b7/glfw-2.9.0-py2.py27.py3.py30.py31.py32.py33.py34.py35.py36.py37.py38.p39.p310.p311.p312.p313-none-manylinux2014_x86_64.whl", hash = "sha256:7f85b58546880466ac445fc564c5c831ca93c8a99795ab8eaf0a2d521af293d7", size = 241949, upload-time = "2025-04-15T15:39:45.28Z" },
    { url = "https://files.pythonhosted.org/packages/a1/e6/093ab7874a74bba351e754f6e7748c031bd7276702135da6cbcd00e1f3e2/glfw-2.9.0-py2.py27.py3.py30.py31.py32.py33.py34.py35.py36.py37.py38.p39.p310.p311.p312.p313-none-manylinux_2_28_aarch64.whl", hash = "sha256:2123716c8086b80b797e849a534fc6f21aebca300519e57c80618a65ca8135dc", size = 231016, upload-time = "2025-04-15T15:39:46.669Z" },
    { url = "https://files.pythonhosted.org/packages/7f/ba/de3630757c7d7fc2086aaf3994926d6b869d31586e4d0c14f1666af31b93/glfw-2.9.0-py2.py27.py3.py30.py31.py32.py33.py34.py35.py36.py37.py38.p39.p310.p311.p312.p313-none-manylinux_2_28_x86_64.whl", hash = "sha256:4e11271e49eb9bc53431ade022e284d5a59abeace81fe3b178db1bf3ccc0c449", size = 243489, upload-time = "2025-04-15T15:39:48.321Z" },
    { url = "https://files.pythonhosted.org/packages/32/36/c3bada8503681806231d1705ea1802bac8febf69e4186b9f0f0b9e2e4f7e/glfw-2.9.0-py2.py27.py3.py30.py31.py32.py33.py34.py35.py36.py37.py38.p39.p310.p311.p312.p313-none-win32.whl", hash = "sha256:8e4fbff88e4e953bb969b6813195d5de4641f886530cc8083897e56b00bf2c8e", size = 552655, upload-time = "2025-04-15T15:39:50.029Z" },
    { url = "https://files.pythonhosted.org/packages/cb/70/7f2f052ca20c3b69892818f2ee1fea53b037ea9145ff75b944ed1dc4ff82/glfw-2.9.0-py2.py27.py3.py30.py31.py32.py33.py34.py35.py36.py37.py38.p39.p310.p311.p312.p313-none-win_amd64.whl", hash = "sha256:9aa3ae51601601c53838315bd2a03efb1e6bebecd072b2f64ddbd0b2556d511a", size = 559441, upload-time = "2025-04-15T15:39:52.531Z" },
]

[[package]]
name = "grpcio"
version = "1.70.0"
source = { registry = "https://pypi.org/simple" }
sdist = { url = "https://files.pythonhosted.org/packages/69/e1/4b21b5017c33f3600dcc32b802bb48fe44a4d36d6c066f52650c7c2690fa/grpcio-1.70.0.tar.gz", hash = "sha256:8d1584a68d5922330025881e63a6c1b54cc8117291d382e4fa69339b6d914c56", size = 12788932, upload-time = "2025-01-23T18:00:17.288Z" }
wheels = [
    { url = "https://files.pythonhosted.org/packages/38/5f/d7fe323c18a2ec98a2a9b38fb985f5e843f76990298d7c4ce095f44b46a7/grpcio-1.70.0-cp38-cp38-linux_armv7l.whl", hash = "sha256:8058667a755f97407fca257c844018b80004ae8035565ebc2812cc550110718d", size = 5232027, upload-time = "2025-01-23T17:55:07.597Z" },
    { url = "https://files.pythonhosted.org/packages/d4/4b/3d3b5548575b635f51883212a482cd237e8525535d4591b9dc7e5b2c2ddc/grpcio-1.70.0-cp38-cp38-macosx_10_14_universal2.whl", hash = "sha256:879a61bf52ff8ccacbedf534665bb5478ec8e86ad483e76fe4f729aaef867cab", size = 11448811, upload-time = "2025-01-23T17:55:11.773Z" },
    { url = "https://files.pythonhosted.org/packages/8a/d7/9a0922fc12d339271c7e4e6691470172b7c13715fed7bd934274803f1527/grpcio-1.70.0-cp38-cp38-manylinux_2_17_aarch64.whl", hash = "sha256:0ba0a173f4feacf90ee618fbc1a27956bfd21260cd31ced9bc707ef551ff7dc7", size = 5711890, upload-time = "2025-01-23T17:55:17.167Z" },
    { url = "https://files.pythonhosted.org/packages/1e/ae/d4dbf8bff0f1d270f118d08558bc8dc0489e026d6620a4e3ee2d79d79041/grpcio-1.70.0-cp38-cp38-manylinux_2_17_i686.manylinux2014_i686.whl", hash = "sha256:558c386ecb0148f4f99b1a65160f9d4b790ed3163e8610d11db47838d452512d", size = 6331933, upload-time = "2025-01-23T17:55:19.771Z" },
    { url = "https://files.pythonhosted.org/packages/2c/64/66a74c02b00e00b919c245ca9da8e5c44e8692bf3fe7f27efbc97572566c/grpcio-1.70.0-cp38-cp38-manylinux_2_17_x86_64.manylinux2014_x86_64.whl", hash = "sha256:412faabcc787bbc826f51be261ae5fa996b21263de5368a55dc2cf824dc5090e", size = 5950685, upload-time = "2025-01-23T17:55:22.253Z" },
    { url = "https://files.pythonhosted.org/packages/b0/64/e992ac693118c37164e085676216d258804d7a5bbf3581d3f989c843a9a5/grpcio-1.70.0-cp38-cp38-musllinux_1_1_i686.whl", hash = "sha256:3b0f01f6ed9994d7a0b27eeddea43ceac1b7e6f3f9d86aeec0f0064b8cf50fdb", size = 6640974, upload-time = "2025-01-23T17:55:24.757Z" },
    { url = "https://files.pythonhosted.org/packages/57/17/34d0a6af4477fd48b8b41d13782fb1e35b8841b17d6ac7a3eb24d2f3b17e/grpcio-1.70.0-cp38-cp38-musllinux_1_1_x86_64.whl", hash = "sha256:7385b1cb064734005204bc8994eed7dcb801ed6c2eda283f613ad8c6c75cf873", size = 6204792, upload-time = "2025-01-23T17:55:27Z" },
    { url = "https://files.pythonhosted.org/packages/d3/e5/e45d8eb81929c0becd5bda413b60262f79d862e19cff632d496909aa3bd0/grpcio-1.70.0-cp38-cp38-win32.whl", hash = "sha256:07269ff4940f6fb6710951116a04cd70284da86d0a4368fd5a3b552744511f5a", size = 3620015, upload-time = "2025-01-23T17:55:29.386Z" },
    { url = "https://files.pythonhosted.org/packages/87/7d/36009c38093e62969c708f20b86ab6761c2ba974b12ff10def6f397f24fa/grpcio-1.70.0-cp38-cp38-win_amd64.whl", hash = "sha256:aba19419aef9b254e15011b230a180e26e0f6864c90406fdbc255f01d83bc83c", size = 4307043, upload-time = "2025-01-23T17:55:31.823Z" },
]

[[package]]
name = "gym"
version = "0.24.1"
source = { registry = "https://pypi.org/simple" }
dependencies = [
    { name = "cloudpickle" },
    { name = "gym-notices" },
    { name = "importlib-metadata" },
    { name = "numpy" },
]
sdist = { url = "https://files.pythonhosted.org/packages/b8/0f/a56357a6228d93c8caa36c57f570419bdee433b9cdc644d94962ee6e2e5c/gym-0.24.1.tar.gz", hash = "sha256:9b23bbaa96ba0771a16a9f80062edb79b6f176ffdc84f39ea4645b03a8b72291", size = 696448, upload-time = "2022-06-07T21:55:01.641Z" }

[[package]]
name = "gym-notices"
version = "0.0.8"
source = { registry = "https://pypi.org/simple" }
sdist = { url = "https://files.pythonhosted.org/packages/b4/62/d312681b09cacf77d04237a2815653c58e5031998bb613ce114b85fc3f57/gym-notices-0.0.8.tar.gz", hash = "sha256:ad25e200487cafa369728625fe064e88ada1346618526102659b4640f2b4b911", size = 2685, upload-time = "2022-08-14T16:59:55.692Z" }
wheels = [
    { url = "https://files.pythonhosted.org/packages/25/26/d786c6bec30fe6110fd3d22c9a273a2a0e56c0b73b93e25ea1af5a53243b/gym_notices-0.0.8-py3-none-any.whl", hash = "sha256:e5f82e00823a166747b4c2a07de63b6560b1acb880638547e0cabf825a01e463", size = 2965, upload-time = "2022-08-14T16:59:54.156Z" },
]

[[package]]
name = "imageio"
version = "2.35.1"
source = { registry = "https://pypi.org/simple" }
dependencies = [
    { name = "numpy" },
    { name = "pillow" },
]
sdist = { url = "https://files.pythonhosted.org/packages/82/bf/d0ddda79819405428f40e4bc9245c2b936a3a2b23d83b6e42d83822ef822/imageio-2.35.1.tar.gz", hash = "sha256:4952dfeef3c3947957f6d5dedb1f4ca31c6e509a476891062396834048aeed2a", size = 389686, upload-time = "2024-08-19T02:35:27.783Z" }
wheels = [
    { url = "https://files.pythonhosted.org/packages/1e/b7/02adac4e42a691008b5cfb31db98c190e1fc348d1521b9be4429f9454ed1/imageio-2.35.1-py3-none-any.whl", hash = "sha256:6eb2e5244e7a16b85c10b5c2fe0f7bf961b40fcb9f1a9fd1bd1d2c2f8fb3cd65", size = 315378, upload-time = "2024-08-19T02:35:25.923Z" },
]

[[package]]
name = "importlib-metadata"
version = "8.5.0"
source = { registry = "https://pypi.org/simple" }
dependencies = [
    { name = "zipp" },
]
sdist = { url = "https://files.pythonhosted.org/packages/cd/12/33e59336dca5be0c398a7482335911a33aa0e20776128f038019f1a95f1b/importlib_metadata-8.5.0.tar.gz", hash = "sha256:71522656f0abace1d072b9e5481a48f07c138e00f079c38c8f883823f9c26bd7", size = 55304, upload-time = "2024-09-11T14:56:08.937Z" }
wheels = [
    { url = "https://files.pythonhosted.org/packages/a0/d9/a1e041c5e7caa9a05c925f4bdbdfb7f006d1f74996af53467bc394c97be7/importlib_metadata-8.5.0-py3-none-any.whl", hash = "sha256:45e54197d28b7a7f1559e60b95e7c567032b602131fbd588f1497f47880aa68b", size = 26514, upload-time = "2024-09-11T14:56:07.019Z" },
]

[[package]]
name = "mujoco"
version = "2.2.2"
source = { registry = "https://pypi.org/simple" }
dependencies = [
    { name = "absl-py" },
    { name = "glfw" },
    { name = "numpy" },
    { name = "pyopengl" },
]
sdist = { url = "https://files.pythonhosted.org/packages/41/a4/6da22fa90068217a5ae2b07d941c0b0d3fea4062ab0b7f247a16212d6ce3/mujoco-2.2.2.tar.gz", hash = "sha256:b1ca70b21ef01d0e56952d03a387bdae9c6b141c042379226596410a3ac82085", size = 140796, upload-time = "2022-09-07T12:27:54.654Z" }
wheels = [
    { url = "https://files.pythonhosted.org/packages/a8/5a/ee02d21988340da269c587ea3eb861b2565bb55ab26bed92f2123530fd9c/mujoco-2.2.2-cp38-cp38-macosx_10_12_x86_64.whl", hash = "sha256:3344ea96c8bbb56a2657bc9e3179b4807720f360a1e65d85297d42319fd5a949", size = 3478403, upload-time = "2022-09-07T12:27:27.665Z" },
    { url = "https://files.pythonhosted.org/packages/e5/73/97eda75aee7c1bf9ea05e93402466f64452c000479c7b6de11e8b2659b9c/mujoco-2.2.2-cp38-cp38-macosx_11_0_arm64.whl", hash = "sha256:c22c97b05ff4aee84d1278f150d71339ef7d00a7c86a87efaa562c68ce240586", size = 3376224, upload-time = "2022-09-07T12:27:30.311Z" },
    { url = "https://files.pythonhosted.org/packages/40/17/c2af354698c9528a9feea4ad37c69cbec2f14320354f63402670f5449f00/mujoco-2.2.2-cp38-cp38-manylinux_2_17_aarch64.manylinux2014_aarch64.whl", hash = "sha256:27dc7dcb7a3a9e9f37ac26c026c65e55d972b849ddbb733c25fa4114ff5878dc", size = 3397208, upload-time = "2022-09-07T12:27:33.068Z" },
    { url = "https://files.pythonhosted.org/packages/9e/aa/c6bcf1cc1d0eeb4592e2f9c0689bd74a5106481201a6923dbbc69de48480/mujoco-2.2.2-cp38-cp38-manylinux_2_17_x86_64.manylinux2014_x86_64.whl", hash = "sha256:4762b81f0b261ee4accbd53e669808a9bbec17b2b74c65c429560b90c08060bc", size = 3770777, upload-time = "2022-09-07T12:27:36.179Z" },
    { url = "https://files.pythonhosted.org/packages/79/61/19edac510cd5cf86cc9dee0a93fbbb5afc0d22fd3850debfc5005d6c8fda/mujoco-2.2.2-cp38-cp38-win_amd64.whl", hash = "sha256:b61067122c175e936eda7a7b26ad30b8d32adba50d3c05ef782391959752358c", size = 2903676, upload-time = "2022-09-07T12:27:38.865Z" },
]

[[package]]
name = "mujoco-py"
version = "2.1.2.14"
source = { registry = "https://pypi.org/simple" }
dependencies = [
    { name = "cffi" },
    { name = "cython" },
    { name = "fasteners" },
    { name = "glfw" },
    { name = "imageio" },
    { name = "numpy" },
]
sdist = { url = "https://files.pythonhosted.org/packages/b2/e8/858de82470a5e4f02431f582c8af431b6a13ccfa23c6990c622bb5270a8a/mujoco-py-2.1.2.14.tar.gz", hash = "sha256:eb5b14485acf80a3cf8c15f4b080c6a28a9f79e68869aa696d16cbd51ea7706f", size = 2381463, upload-time = "2021-11-19T00:21:32.043Z" }
wheels = [
    { url = "https://files.pythonhosted.org/packages/37/e5/e7504cb2ded511910c2a2e8f9c9e28af075850eb03a5c5a8daee5d7d9517/mujoco_py-2.1.2.14-py3-none-any.whl", hash = "sha256:37c0b41bc0153a8a0eb3663103a67c60f65467753f74e4ff6e68b879f3e3a71f", size = 2429511, upload-time = "2021-11-19T00:21:28.53Z" },
]

[[package]]
name = "mujocobenchmarks"
version = "0.1.0"
source = { editable = "." }
dependencies = [
    { name = "bencherscaffold" },
    { name = "box2d" },
    { name = "box2d-py" },
    { name = "cython" },
    { name = "gym" },
    { name = "mujoco" },
    { name = "mujoco-py" },
    { name = "numpy" },
]

[package.metadata]
requires-dist = [
    { name = "bencherscaffold", specifier = ">=0.3.1,<0.4" },
    { name = "box2d", specifier = ">=2.3.10,<3" },
    { name = "box2d-py", specifier = ">=2.3.8,<3" },
    { name = "cython", specifier = "<3.0" },
    { name = "gym", specifier = ">=0.24,<0.25" },
    { name = "mujoco", specifier = "==2.2.2" },
    { name = "mujoco-py", specifier = "==2.1.2.14" },
    { name = "numpy", specifier = ">=1.20.1,<2" },
]

[[package]]
name = "numpy"
version = "1.21.1"
source = { registry = "https://pypi.org/simple" }
sdist = { url = "https://files.pythonhosted.org/packages/0b/a7/e724c8df240687b5fd62d8c71f1a6709d455c4c09432c7412e3e64f4cbe5/numpy-1.21.1.zip", hash = "sha256:dff4af63638afcc57a3dfb9e4b26d434a7a602d225b42d746ea7fe2edf1342fd", size = 10259878, upload-time = "2021-07-18T19:54:36.054Z" }
wheels = [
    { url = "https://files.pythonhosted.org/packages/16/c9/71124564deb3fd4c7572d7aa830482e8901eb84938f3629185abff60d911/numpy-1.21.1-cp38-cp38-macosx_10_9_universal2.whl", hash = "sha256:95b995d0c413f5d0428b3f880e8fe1660ff9396dcd1f9eedbc311f37b5652e16", size = 27124431, upload-time = "2021-07-18T19:40:45.857Z" },
    { url = "https://files.pythonhosted.org/packages/1e/f4/a7bcb5942458656882195d71df967bc74c01452cb445c10c23c40ca6a8ef/numpy-1.21.1-cp38-cp38-macosx_10_9_x86_64.whl", hash = "sha256:635e6bd31c9fb3d475c8f44a089569070d10a9ef18ed13738b03049280281267", size = 16922426, upload-time = "2021-07-18T19:41:11.543Z" },
    { url = "https://files.pythonhosted.org/packages/de/4b/5b243d909933c387bb5253a91706a7aa49b0550147e0b144b0f8a842e0f0/numpy-1.21.1-cp38-cp38-macosx_11_0_arm64.whl", hash = "sha256:4a3d5fb89bfe21be2ef47c0614b9c9c707b7362386c9a3ff1feae63e0267ccb6", size = 12326051, upload-time = "2021-07-18T19:41:30.98Z" },
    { url = "https://files.pythonhosted.org/packages/b8/98/1deff46537aa544bd6ffafb4405d0f57fe49308147444e27ab2fc3ca82ba/numpy-1.21.1-cp38-cp38-manylinux_2_12_i686.manylinux2010_i686.whl", hash = "sha256:8a326af80e86d0e9ce92bcc1e65c8ff88297de4fa14ee936cb2293d414c9ec63", size = 13749631, upload-time = "2021-07-18T19:42:04.061Z" },
    { url = "https://files.pythonhosted.org/packages/a0/3a/ffacce6c7d7d980a4aebb51cacf91e1443d4317aa29630c7d3054fb64e2e/numpy-1.21.1-cp38-cp38-manylinux_2_12_x86_64.manylinux2010_x86_64.whl", hash = "sha256:791492091744b0fe390a6ce85cc1bf5149968ac7d5f0477288f78c89b385d9af", size = 15777540, upload-time = "2021-07-18T19:42:27.925Z" },
    { url = "https://files.pythonhosted.org/packages/95/7a/da016166264ccc417f58ba097c3cfa995b77e87d2d3c5424c9e5dfffa68d/numpy-1.21.1-cp38-cp38-manylinux_2_17_aarch64.manylinux2014_aarch64.whl", hash = "sha256:0318c465786c1f63ac05d7c4dbcecd4d2d7e13f0959b01b534ea1e92202235c5", size = 13215662, upload-time = "2021-07-18T19:42:48.062Z" },
    { url = "https://files.pythonhosted.org/packages/3b/11/445c95be2f846be94d2425f8f1f4c9ad2bcbbb9ad425c8a9f7394f325bdb/numpy-1.21.1-cp38-cp38-manylinux_2_5_i686.manylinux1_i686.whl", hash = "sha256:9a513bd9c1551894ee3d31369f9b07460ef223694098cf27d399513415855b68", size = 12408511, upload-time = "2021-07-18T19:43:07.387Z" },
    { url = "https://files.pythonhosted.org/packages/9a/ee/07eb4eb76620d95af51f16481dca8b9d1e1d9edae8cf60d5143aad270764/numpy-1.21.1-cp38-cp38-manylinux_2_5_x86_64.manylinux1_x86_64.whl", hash = "sha256:91c6f5fc58df1e0a3cc0c3a717bb3308ff850abdaa6d2d802573ee2b11f674a8", size = 14076464, upload-time = "2021-07-18T19:43:29.564Z" },
    { url = "https://files.pythonhosted.org/packages/45/51/716a08ed750c660ed20edccd22aeeb8c2653c4f6e92dc8b8b0dcf9ff432a/numpy-1.21.1-cp38-cp38-win32.whl", hash = "sha256:978010b68e17150db8765355d1ccdd450f9fc916824e8c4e35ee620590e234cd", size = 11697655, upload-time = "2021-07-18T19:43:47.28Z" },
    { url = "https://files.pythonhosted.org/packages/0d/fc/2a55c4d690437e09e44f40fe7a8458a72aef9da01719bd8746002999f782/numpy-1.21.1-cp38-cp38-win_amd64.whl", hash = "sha256:9749a40a5b22333467f02fe11edc98f022133ee1bfa8ab99bda5e5437b831214", size = 14012353, upload-time = "2021-07-18T19:44:09.204Z" },
]

[[package]]
name = "pillow"
version = "10.4.0"
source = { registry = "https://pypi.org/simple" }
sdist = { url = "https://files.pythonhosted.org/packages/cd/74/ad3d526f3bf7b6d3f408b73fde271ec69dfac8b81341a318ce825f2b3812/pillow-10.4.0.tar.gz", hash = "sha256:166c1cd4d24309b30d61f79f4a9114b7b2313d7450912277855ff5dfd7cd4a06", size = 46555059, upload-time = "2024-07-01T09:48:43.583Z" }
wheels = [
    { url = "https://files.pythonhosted.org/packages/56/70/f40009702a477ce87d8d9faaa4de51d6562b3445d7a314accd06e4ffb01d/pillow-10.4.0-cp38-cp38-macosx_10_10_x86_64.whl", hash = "sha256:8d4d5063501b6dd4024b8ac2f04962d661222d120381272deea52e3fc52d3736", size = 3509213, upload-time = "2024-07-01T09:47:11.662Z" },
    { url = "https://files.pythonhosted.org/packages/10/43/105823d233c5e5d31cea13428f4474ded9d961652307800979a59d6a4276/pillow-10.4.0-cp38-cp38-macosx_11_0_arm64.whl", hash = "sha256:7c1ee6f42250df403c5f103cbd2768a28fe1a0ea1f0f03fe151c8741e1469c8b", size = 3375883, upload-time = "2024-07-01T09:47:14.453Z" },
    { url = "https://files.pythonhosted.org/packages/3c/ad/7850c10bac468a20c918f6a5dbba9ecd106ea1cdc5db3c35e33a60570408/pillow-10.4.0-cp38-cp38-manylinux_2_17_aarch64.manylinux2014_aarch64.whl", hash = "sha256:b15e02e9bb4c21e39876698abf233c8c579127986f8207200bc8a8f6bb27acf2", size = 4330810, upload-time = "2024-07-01T09:47:16.695Z" },
    { url = "https://files.pythonhosted.org/packages/84/4c/69bbed9e436ac22f9ed193a2b64f64d68fcfbc9f4106249dc7ed4889907b/pillow-10.4.0-cp38-cp38-manylinux_2_17_x86_64.manylinux2014_x86_64.whl", hash = "sha256:7a8d4bade9952ea9a77d0c3e49cbd8b2890a399422258a77f357b9cc9be8d680", size = 4444341, upload-time = "2024-07-01T09:47:19.334Z" },
    { url = "https://files.pythonhosted.org/packages/8f/4f/c183c63828a3f37bf09644ce94cbf72d4929b033b109160a5379c2885932/pillow-10.4.0-cp38-cp38-manylinux_2_28_aarch64.whl", hash = "sha256:43efea75eb06b95d1631cb784aa40156177bf9dd5b4b03ff38979e048258bc6b", size = 4356005, upload-time = "2024-07-01T09:47:21.805Z" },
    { url = "https://files.pythonhosted.org/packages/fb/ad/435fe29865f98a8fbdc64add8875a6e4f8c97749a93577a8919ec6f32c64/pillow-10.4.0-cp38-cp38-manylinux_2_28_x86_64.whl", hash = "sha256:950be4d8ba92aca4b2bb0741285a46bfae3ca699ef913ec8416c1b78eadd64cd", size = 4525201, upload-time = "2024-07-01T09:47:24.457Z" },
    { url = "https://files.pythonhosted.org/packages/80/74/be8bf8acdfd70e91f905a12ae13cfb2e17c0f1da745c40141e26d0971ff5/pillow-10.4.0-cp38-cp38-musllinux_1_2_aarch64.whl", hash = "sha256:d7480af14364494365e89d6fddc510a13e5a2c3584cb19ef65415ca57252fb84", size = 4460635, upload-time = "2024-07-01T09:47:26.841Z" },
    { url = "https://files.pythonhosted.org/packages/e4/90/763616e66dc9ad59c9b7fb58f863755e7934ef122e52349f62c7742b82d3/pillow-10.4.0-cp38-cp38-musllinux_1_2_x86_64.whl", hash = "sha256:73664fe514b34c8f02452ffb73b7a92c6774e39a647087f83d67f010eb9a0cf0", size = 4590283, upload-time = "2024-07-01T09:47:29.247Z" },
    { url = "https://files.pythonhosted.org/packages/69/66/03002cb5b2c27bb519cba63b9f9aa3709c6f7a5d3b285406c01f03fb77e5/pillow-10.4.0-cp38-cp38-win32.whl", hash = "sha256:e88d5e6ad0d026fba7bdab8c3f225a69f063f116462c49892b0149e21b6c0a0e", size = 2235185, upload-time = "2024-07-01T09:47:32.205Z" },
    { url = "https://files.pythonhosted.org/packages/f2/75/3cb820b2812405fc7feb3d0deb701ef0c3de93dc02597115e00704591bc9/pillow-10.4.0-cp38-cp38-win_amd64.whl", hash = "sha256:5161eef006d335e46895297f642341111945e2c1c899eb406882a6c61a4357ab", size = 2554594, upload-time = "2024-07-01T09:47:34.285Z" },
]

[[package]]
name = "protobuf"
version = "4.25.6"
source = { registry = "https://pypi.org/simple" }
sdist = { url = "https://files.pythonhosted.org/packages/48/d5/cccc7e82bbda9909ced3e7a441a24205ea07fea4ce23a772743c0c7611fa/protobuf-4.25.6.tar.gz", hash = "sha256:f8cfbae7c5afd0d0eaccbe73267339bff605a2315860bb1ba08eb66670a9a91f", size = 380631, upload-time = "2025-01-24T20:53:09.498Z" }
wheels = [
    { url = "https://files.pythonhosted.org/packages/42/41/0ff3559d9a0fbdb37c9452f2b84e61f7784d8d7b9850182c7ef493f523ee/protobuf-4.25.6-cp310-abi3-win32.whl", hash = "sha256:61df6b5786e2b49fc0055f636c1e8f0aff263808bb724b95b164685ac1bcc13a", size = 392454, upload-time = "2025-01-24T20:52:51.08Z" },
    { url = "https://files.pythonhosted.org/packages/79/84/c700d6c3f3be770495b08a1c035e330497a31420e4a39a24c22c02cefc6c/protobuf-4.25.6-cp310-abi3-win_amd64.whl", hash = "sha256:b8f837bfb77513fe0e2f263250f423217a173b6d85135be4d81e96a4653bcd3c", size = 413443, upload-time = "2025-01-24T20:52:54.523Z" },
    { url = "https://files.pythonhosted.org/packages/b7/03/361e87cc824452376c2abcef0eabd18da78a7439479ec6541cf29076a4dc/protobuf-4.25.6-cp37-abi3-macosx_10_9_universal2.whl", hash = "sha256:6d4381f2417606d7e01750e2729fe6fbcda3f9883aa0c32b51d23012bded6c91", size = 394246, upload-time = "2025-01-24T20:52:56.694Z" },
    { url = "https://files.pythonhosted.org/packages/64/d5/7dbeb69b74fa88f297c6d8f11b7c9cef0c2e2fb1fdf155c2ca5775cfa998/protobuf-4.25.6-cp37-abi3-manylinux2014_aarch64.whl", hash = "sha256:5dd800da412ba7f6f26d2c08868a5023ce624e1fdb28bccca2dc957191e81fb5", size = 293714, upload-time = "2025-01-24T20:52:57.992Z" },
    { url = "https://files.pythonhosted.org/packages/d4/f0/6d5c100f6b18d973e86646aa5fc09bc12ee88a28684a56fd95511bceee68/protobuf-4.25.6-cp37-abi3-manylinux2014_x86_64.whl", hash = "sha256:4434ff8bb5576f9e0c78f47c41cdf3a152c0b44de475784cd3fd170aef16205a", size = 294634, upload-time = "2025-01-24T20:52:59.671Z" },
    { url = "https://files.pythonhosted.org/packages/ab/7e/fa5728ef2382291b5cb06b0ec4a05013ce9ab67c2e6c19c02d2d3acd99d2/protobuf-4.25.6-cp38-cp38-win32.whl", hash = "sha256:8bad0f9e8f83c1fbfcc34e573352b17dfce7d0519512df8519994168dc015d7d", size = 392493, upload-time = "2025-01-24T20:53:02.653Z" },
    { url = "https://files.pythonhosted.org/packages/2f/b1/b625b3e86742420a0920f9ef43c9145c2256e8ffb5b6fc8d932d1ec28fbd/protobuf-4.25.6-cp38-cp38-win_amd64.whl", hash = "sha256:b6905b68cde3b8243a198268bb46fbec42b3455c88b6b02fb2529d2c306d18fc", size = 413389, upload-time = "2025-01-24T20:53:03.994Z" },
    { url = "https://files.pythonhosted.org/packages/71/eb/be11a1244d0e58ee04c17a1f939b100199063e26ecca8262c04827fe0bf5/protobuf-4.25.6-py3-none-any.whl", hash = "sha256:07972021c8e30b870cfc0863409d033af940213e0e7f64e27fe017b929d2c9f7", size = 156466, upload-time = "2025-01-24T20:53:08.287Z" },
]

[[package]]
name = "pycparser"
version = "2.22"
source = { registry = "https://pypi.org/simple" }
sdist = { url = "https://files.pythonhosted.org/packages/1d/b2/31537cf4b1ca988837256c910a668b553fceb8f069bedc4b1c826024b52c/pycparser-2.22.tar.gz", hash = "sha256:491c8be9c040f5390f5bf44a5b07752bd07f56edf992381b05c701439eec10f6", size = 172736, upload-time = "2024-03-30T13:22:22.564Z" }
wheels = [
    { url = "https://files.pythonhosted.org/packages/13/a3/a812df4e2dd5696d1f351d58b8fe16a405b234ad2886a0dab9183fb78109/pycparser-2.22-py3-none-any.whl", hash = "sha256:c3702b6d3dd8c7abc1afa565d7e63d53a1d0bd86cdc24edd75470f4de499cfcc", size = 117552, upload-time = "2024-03-30T13:22:20.476Z" },
]

[[package]]
name = "pyopengl"
version = "3.1.9"
source = { registry = "https://pypi.org/simple" }
sdist = { url = "https://files.pythonhosted.org/packages/c0/42/71080db298df3ddb7e3090bfea8fd7c300894d8b10954c22f8719bd434eb/pyopengl-3.1.9.tar.gz", hash = "sha256:28ebd82c5f4491a418aeca9672dffb3adbe7d33b39eada4548a5b4e8c03f60c8", size = 1913642, upload-time = "2025-01-20T02:17:53.263Z" }
wheels = [
    { url = "https://files.pythonhosted.org/packages/92/44/8634af40b0db528b5b37e901c0dc67321354880d251bf8965901d57693a5/PyOpenGL-3.1.9-py3-none-any.whl", hash = "sha256:15995fd3b0deb991376805da36137a4ae5aba6ddbb5e29ac1f35462d130a3f77", size = 3190341, upload-time = "2025-01-20T02:17:50.913Z" },
]

[[package]]
name = "zipp"
version = "3.20.2"
source = { registry = "https://pypi.org/simple" }
sdist = { url = "https://files.pythonhosted.org/packages/54/bf/5c0000c44ebc80123ecbdddba1f5dcd94a5ada602a9c225d84b5aaa55e86/zipp-3.20.2.tar.gz", hash = "sha256:bc9eb26f4506fda01b81bcde0ca78103b6e62f991b381fec825435c836edbc29", size = 24199, upload-time = "2024-09-13T13:44:16.101Z" }
wheels = [
    { url = "https://files.pythonhosted.org/packages/62/8b/5ba542fa83c90e09eac972fc9baca7a88e7e7ca4b221a89251954019308b/zipp-3.20.2-py3-none-any.whl", hash = "sha256:a817ac80d6cf4b23bf7f2828b7cabf326f15a001bea8b1f9b49631780ba28350", size = 9200, upload-time = "2024-09-13T13:44:14.38Z" },
]
