version = 1
revision = 3
requires-python = "==3.8.*"

[[package]]
name = "azure-common"
version = "1.1.28"
source = { registry = "https://pypi.org/simple" }
sdist = { url = "https://files.pythonhosted.org/packages/3e/71/f6f71a276e2e69264a97ad39ef850dca0a04fce67b12570730cb38d0ccac/azure-common-1.1.28.zip", hash = "sha256:4ac0cd3214e36b6a1b6a442686722a5d8cc449603aa833f3f0f40bda836704a3", size = 20914, upload-time = "2022-02-03T19:39:44.373Z" }
wheels = [
    { url = "https://files.pythonhosted.org/packages/62/55/7f118b9c1b23ec15ca05d15a578d8207aa1706bc6f7c87218efffbbf875d/azure_common-1.1.28-py2.py3-none-any.whl", hash = "sha256:5c12d3dcf4ec20599ca6b0d3e09e86e146353d443e7fcc050c9a19c1f9df20ad", size = 14462, upload-time = "2022-02-03T19:39:42.417Z" },
]

[[package]]
name = "azure-core"
version = "1.30.1"
source = { registry = "https://pypi.org/simple" }
dependencies = [
    { name = "requests" },
    { name = "six" },
    { name = "typing-extensions" },
]
sdist = { url = "https://files.pythonhosted.org/packages/51/0d/b76383f028aa3570419edf97ab504cb84b839e3cbc8c8b2048f16bbea2d3/azure-core-1.30.1.tar.gz", hash = "sha256:26273a254131f84269e8ea4464f3560c731f29c0c1f69ac99010845f239c1a8f", size = 269862, upload-time = "2024-02-29T21:06:08.243Z" }
wheels = [
    { url = "https://files.pythonhosted.org/packages/d7/70/180df3b43ebc7a1ec957d9e5c2c76e6c54398ec61a67dff88d3e0131be80/azure_core-1.30.1-py3-none-any.whl", hash = "sha256:7c5ee397e48f281ec4dd773d67a0a47a0962ed6fa833036057f9ea067f688e74", size = 193383, upload-time = "2024-02-29T21:06:11.223Z" },
]

[[package]]
name = "azure-nspkg"
version = "3.0.2"
source = { registry = "https://pypi.org/simple" }
sdist = { url = "https://files.pythonhosted.org/packages/39/31/b24f494eca22e0389ac2e81b1b734453f187b69c95f039aa202f6f798b84/azure-nspkg-3.0.2.zip", hash = "sha256:e7d3cea6af63e667d87ba1ca4f8cd7cb4dfca678e4c55fc1cedb320760e39dd0", size = 4372, upload-time = "2018-10-02T22:48:45.999Z" }
wheels = [
    { url = "https://files.pythonhosted.org/packages/c4/0c/c562be95a9a2ed52454f598571cf300b1114d0db2aa27f5b8ed3bb9cd0c0/azure_nspkg-3.0.2-py3-none-any.whl", hash = "sha256:31a060caca00ed1ebd369fc7fe01a56768c927e404ebc92268f4d9d636435e28", size = 1530, upload-time = "2018-10-02T22:48:44.806Z" },
]

[[package]]
name = "azure-storage"
version = "0.32.0"
source = { registry = "https://pypi.org/simple" }
dependencies = [
    { name = "azure-common" },
    { name = "azure-nspkg" },
    { name = "python-dateutil" },
    { name = "requests" },
]
sdist = { url = "https://files.pythonhosted.org/packages/42/1a/2038eb44d7d271517b5cba55364a5187a4ba1e2460d8f92aea12b0f79d6f/azure-storage-0.32.0.zip", hash = "sha256:1556234b02c92143d4db789475e9a8531986348b99de52be474bbaed820432ef", size = 164004, upload-time = "2016-05-04T17:06:35.021Z" }
wheels = [
    { url = "https://files.pythonhosted.org/packages/cf/23/ef729d6ef3a9d19732d480eaaf94a72799a99a38ed25eda10f8e68ffd408/azure_storage-0.32.0-py3-none-any.whl", hash = "sha256:9001c0449d796b4fa6e6c9e96a4673dc7db8d294ef4bfe23b451a345891cac75", size = 160611, upload-time = "2016-05-04T17:08:56.224Z" },
]

[[package]]
name = "bencherscaffold"
version = "0.4.5"
source = { registry = "https://pypi.org/simple" }
dependencies = [
    { name = "grpcio" },
    { name = "protobuf" },
]
sdist = { url = "https://files.pythonhosted.org/packages/9b/3c/46654e4cdab903959e1c178b29df2cfc7a8fbf0cf03ed5ddd57f7a3786e3/bencherscaffold-0.4.5.tar.gz", hash = "sha256:0f32a98f4f4f23849988b4552a1681971ca5fb5c3300069d20d156e32e53a9d5", size = 6184, upload-time = "2026-02-02T10:36:18.36Z" }
wheels = [
    { url = "https://files.pythonhosted.org/packages/34/81/9bf91a9ba7d333c460ee6cd77924491ccb4137637a2903766591133bbd9f/bencherscaffold-0.4.5-py3-none-any.whl", hash = "sha256:edcc16eb65eeb60ef8af3d039361529c8c7471b28f3d5e4713a9538866974a29", size = 11287, upload-time = "2026-02-02T10:36:13.738Z" },
]

[[package]]
name = "box2d"
version = "2.3.10"
source = { registry = "https://pypi.org/simple" }
wheels = [
    { url = "https://files.pythonhosted.org/packages/73/04/c9bc6ccbf9126ef52510d717e9be48124f7db3b910cd39fe5b7394c3a7f8/Box2D-2.3.10-cp38-cp38-macosx_10_9_x86_64.whl", hash = "sha256:9dd6a58d2dcf1b3b2e91ce2b5d50b548f53cad055739fb3f2cfd6296bd5ed138", size = 1348325, upload-time = "2020-04-12T00:05:48.228Z" },
    { url = "https://files.pythonhosted.org/packages/90/da/2bf125ffe779715a421d10c67c0eb6a7be5c7b4e3f6872e6ee518a350351/Box2D-2.3.10-cp38-cp38-macosx_11_0_arm64.whl", hash = "sha256:d77205c028f715b74b95a5abb987253a60741702d266ac4657e02b079f1291e8", size = 1286856, upload-time = "2024-11-29T18:24:07.273Z" },
    { url = "https://files.pythonhosted.org/packages/4e/9d/7f79ba35454c7ad907d2ba0548caad05dffb32db82760f19edeb2ec75de2/Box2D-2.3.10-cp38-cp38-manylinux1_i686.whl", hash = "sha256:edf96b308df449b9051e6f8079c926cfa4106c065d04608594b91b9f6d1dcb43", size = 1254676, upload-time = "2020-04-12T00:06:58.817Z" },
    { url = "https://files.pythonhosted.org/packages/72/42/6a8e18a93f75c84fd065cc9b57a4117219fa3c5a002a80cab8f339883ec8/Box2D-2.3.10-cp38-cp38-manylinux1_x86_64.whl", hash = "sha256:802975ac751df1d7f5e98086503227cc74ad0033c7509eb0fb08d3dd9598fea9", size = 1316486, upload-time = "2020-04-12T00:06:43.044Z" },
    { url = "https://files.pythonhosted.org/packages/c4/49/e1f56b371f7d14d826bdb8e9b7b8f28112100028e3ca9a2f7034f4df0b6e/Box2D-2.3.10-cp38-cp38-manylinux_2_17_x86_64.manylinux2014_x86_64.whl", hash = "sha256:8d2ab98bb58f7cc8cedb598abd25f8adafd85ca2dce281e1e1ed1e4ddb845080", size = 3663706, upload-time = "2024-11-29T18:24:38.903Z" },
    { url = "https://files.pythonhosted.org/packages/92/d0/97358a2ee739276e1fea2a726280577279c8dcc46c7c5e7ab23588f3b35f/Box2D-2.3.10-cp38-cp38-manylinux_2_5_i686.manylinux1_i686.manylinux_2_17_i686.manylinux2014_i686.whl", hash = "sha256:ccd8c4c399f1ff8e52a37c47e66dc69b54049bb2e9e472f5a144c9de837be38d", size = 3371966, upload-time = "2024-11-29T18:24:41.66Z" },
    { url = "https://files.pythonhosted.org/packages/07/58/4f5a058a72a91f95224200ad38d4f87fb4800dcfd52f38184172b824d01d/Box2D-2.3.10-cp38-cp38-musllinux_1_2_i686.whl", hash = "sha256:18cb774cde862d6a62e1cdf8cd24fdda1a330ec6ef5c1303631acb24cc6dbe19", size = 4326199, upload-time = "2024-11-29T18:24:58.059Z" },
    { url = "https://files.pythonhosted.org/packages/3f/96/73a3bf7680d4899ef9d5ecbe489f22e372b802019c9dd80fd4f2ccc16864/Box2D-2.3.10-cp38-cp38-musllinux_1_2_x86_64.whl", hash = "sha256:423d684227d72af68bcc6219f6468ef7261adbed5dd2a9e97524caf98367a397", size = 4382339, upload-time = "2024-11-29T18:25:20.88Z" },
    { url = "https://files.pythonhosted.org/packages/ac/b8/7016a3b1ef7e3f9d8ec6da5a5e2d9fc04f69f36afb307cc5c641a48d11b9/Box2D-2.3.10-cp38-cp38-win32.whl", hash = "sha256:dca4b52b75ceb0dcc7de0d07f5fee639c707326d8a266bb89994cd3f713859f8", size = 1189002, upload-time = "2020-04-12T00:09:40.941Z" },
    { url = "https://files.pythonhosted.org/packages/6c/90/34166d73babf9010c06cf890c48c1155aec4d69125267e9777040e058ccd/Box2D-2.3.10-cp38-cp38-win_amd64.whl", hash = "sha256:777f5d8f56ca10821f0e08363887058e94e9b1c5c1a6d5d007e5c2a93c0d6215", size = 1293946, upload-time = "2020-04-12T00:10:55.458Z" },
    { url = "https://files.pythonhosted.org/packages/ce/27/ed446539ce4ba0795362df59b5096bd14ffb223b7f386073c9211c1130c6/Box2D-2.3.10-pp38-pypy38_pp73-macosx_10_9_x86_64.whl", hash = "sha256:8ee00a4ebcd2588bc7e05d1ca70cfb67e9e959c2eefe8c3085ff5246c89d7bd3", size = 1248233, upload-time = "2024-11-29T18:30:09.724Z" },
    { url = "https://files.pythonhosted.org/packages/44/9b/a15ceaf7fd0919f9912ee51613930002f10086f30054614fe72c2d15fa96/Box2D-2.3.10-pp38-pypy38_pp73-macosx_11_0_arm64.whl", hash = "sha256:fd0b395aad03f6caa25e5730af0ac649a0b8476dd4cd741eb1575beb1efa5bab", size = 1222331, upload-time = "2024-11-29T18:30:15.09Z" },
    { url = "https://files.pythonhosted.org/packages/7a/e5/4ed3c3c01aa32800e5d4df6e334a8e3681543fb2b6135d8ea8e99074e14e/Box2D-2.3.10-pp38-pypy38_pp73-manylinux_2_17_x86_64.manylinux2014_x86_64.whl", hash = "sha256:2cf6a8afeb26e2e9918919dd0d7d6be07167d00c942aee851ac0e69830a17fd4", size = 1336531, upload-time = "2024-11-29T18:30:27.653Z" },
    { url = "https://files.pythonhosted.org/packages/af/d9/f090ace2dfb53e37a01e45829a245f21497b9a9930c6543ff6c19a73cac0/Box2D-2.3.10-pp38-pypy38_pp73-manylinux_2_5_i686.manylinux1_i686.manylinux_2_17_i686.manylinux2014_i686.whl", hash = "sha256:bbb68c114152b4d6c9efd52fb8c3c227db1d518e1926c29168b07ce126b98b7b", size = 1295216, upload-time = "2024-11-29T18:30:50.887Z" },
    { url = "https://files.pythonhosted.org/packages/84/85/49168972a312cde72209011bcf2c0f872c70031abcd892db633ff466874f/Box2D-2.3.10-pp38-pypy38_pp73-win_amd64.whl", hash = "sha256:1f6fbfabcbe7f6c98aed3f94d795324406681f7696987c32cc1194c89afaf90e", size = 1311236, upload-time = "2024-11-29T18:30:54.006Z" },
]

[[package]]
name = "box2d-py"
version = "2.3.8"
source = { registry = "https://pypi.org/simple" }
sdist = { url = "https://files.pythonhosted.org/packages/98/c2/ab05b5329dc4416b5ee5530f0625a79c394a3e3c10abe0812b9345256451/box2d-py-2.3.8.tar.gz", hash = "sha256:bdacfbbc56079bb317548efe49d3d5a86646885cc27f4a2ee97e4b2960921ab7", size = 374458, upload-time = "2018-11-17T00:50:51.363Z" }

[[package]]
name = "certifi"
version = "2024.2.2"
source = { registry = "https://pypi.org/simple" }
sdist = { url = "https://files.pythonhosted.org/packages/71/da/e94e26401b62acd6d91df2b52954aceb7f561743aa5ccc32152886c76c96/certifi-2024.2.2.tar.gz", hash = "sha256:0569859f95fc761b18b45ef421b1290a0f65f147e92a1e5eb3e635f9a5e4e66f", size = 164886, upload-time = "2024-02-02T01:22:17.364Z" }
wheels = [
    { url = "https://files.pythonhosted.org/packages/ba/06/a07f096c664aeb9f01624f858c3add0a4e913d6c96257acb4fce61e7de14/certifi-2024.2.2-py3-none-any.whl", hash = "sha256:dc383c07b76109f368f6106eee2b593b04a011ea4d55f652c6ca24a754d1cdd1", size = 163774, upload-time = "2024-02-02T01:22:14.86Z" },
]

[[package]]
name = "charset-normalizer"
version = "3.3.2"
source = { registry = "https://pypi.org/simple" }
sdist = { url = "https://files.pythonhosted.org/packages/63/09/c1bc53dab74b1816a00d8d030de5bf98f724c52c1635e07681d312f20be8/charset-normalizer-3.3.2.tar.gz", hash = "sha256:f30c3cb33b24454a82faecaf01b19c18562b1e89558fb6c56de4d9118a032fd5", size = 104809, upload-time = "2023-11-01T04:04:59.997Z" }
wheels = [
    { url = "https://files.pythonhosted.org/packages/ef/d4/a1d72a8f6aa754fdebe91b848912025d30ab7dced61e9ed8aabbf791ed65/charset_normalizer-3.3.2-cp38-cp38-macosx_10_9_universal2.whl", hash = "sha256:6463effa3186ea09411d50efc7d85360b38d5f09b870c48e4600f63af490e56a", size = 191415, upload-time = "2023-11-01T04:04:07.592Z" },
    { url = "https://files.pythonhosted.org/packages/13/82/83c188028b6f38d39538442dd127dc794c602ae6d45d66c469f4063a4c30/charset_normalizer-3.3.2-cp38-cp38-macosx_10_9_x86_64.whl", hash = "sha256:6c4caeef8fa63d06bd437cd4bdcf3ffefe6738fb1b25951440d80dc7df8c03ac", size = 121051, upload-time = "2023-11-01T04:04:09.231Z" },
    { url = "https://files.pythonhosted.org/packages/16/ea/a9e284aa38cccea06b7056d4cbc7adf37670b1f8a668a312864abf1ff7c6/charset_normalizer-3.3.2-cp38-cp38-macosx_11_0_arm64.whl", hash = "sha256:37e55c8e51c236f95b033f6fb391d7d7970ba5fe7ff453dad675e88cf303377a", size = 119143, upload-time = "2023-11-01T04:04:10.897Z" },
    { url = "https://files.pythonhosted.org/packages/34/2a/f392457d45e24a0c9bfc012887ed4f3c54bf5d4d05a5deb970ffec4b7fc0/charset_normalizer-3.3.2-cp38-cp38-manylinux_2_17_aarch64.manylinux2014_aarch64.whl", hash = "sha256:fb69256e180cb6c8a894fee62b3afebae785babc1ee98b81cdf68bbca1987f33", size = 137506, upload-time = "2023-11-01T04:04:12.612Z" },
    { url = "https://files.pythonhosted.org/packages/be/4d/9e370f8281cec2fcc9452c4d1ac513324c32957c5f70c73dd2fa8442a21a/charset_normalizer-3.3.2-cp38-cp38-manylinux_2_17_ppc64le.manylinux2014_ppc64le.whl", hash = "sha256:ae5f4161f18c61806f411a13b0310bea87f987c7d2ecdbdaad0e94eb2e404238", size = 147272, upload-time = "2023-11-01T04:04:13.978Z" },
    { url = "https://files.pythonhosted.org/packages/33/95/ef68482e4a6adf781fae8d183fb48d6f2be8facb414f49c90ba6a5149cd1/charset_normalizer-3.3.2-cp38-cp38-manylinux_2_17_s390x.manylinux2014_s390x.whl", hash = "sha256:b2b0a0c0517616b6869869f8c581d4eb2dd83a4d79e0ebcb7d373ef9956aeb0a", size = 139734, upload-time = "2023-11-01T04:04:15.626Z" },
    { url = "https://files.pythonhosted.org/packages/3d/09/d82fe4a34c5f0585f9ea1df090e2a71eb9bb1e469723053e1ee9f57c16f3/charset_normalizer-3.3.2-cp38-cp38-manylinux_2_17_x86_64.manylinux2014_x86_64.whl", hash = "sha256:45485e01ff4d3630ec0d9617310448a8702f70e9c01906b0d0118bdf9d124cf2", size = 141094, upload-time = "2023-11-01T04:04:17.286Z" },
    { url = "https://files.pythonhosted.org/packages/81/b2/160893421adfa3c45554fb418e321ed342bb10c0a4549e855b2b2a3699cb/charset_normalizer-3.3.2-cp38-cp38-manylinux_2_5_i686.manylinux1_i686.manylinux_2_17_i686.manylinux2014_i686.whl", hash = "sha256:eb00ed941194665c332bf8e078baf037d6c35d7c4f3102ea2d4f16ca94a26dc8", size = 144113, upload-time = "2023-11-01T04:04:18.739Z" },
    { url = "https://files.pythonhosted.org/packages/9e/ef/cd47a63d3200b232792e361cd67530173a09eb011813478b1c0fb8aa7226/charset_normalizer-3.3.2-cp38-cp38-musllinux_1_1_aarch64.whl", hash = "sha256:2127566c664442652f024c837091890cb1942c30937add288223dc895793f898", size = 138555, upload-time = "2023-11-01T04:04:20.482Z" },
    { url = "https://files.pythonhosted.org/packages/a8/6f/4ff299b97da2ed6358154b6eb3a2db67da2ae204e53d205aacb18a7e4f34/charset_normalizer-3.3.2-cp38-cp38-musllinux_1_1_i686.whl", hash = "sha256:a50aebfa173e157099939b17f18600f72f84eed3049e743b68ad15bd69b6bf99", size = 144944, upload-time = "2023-11-01T04:04:21.973Z" },
    { url = "https://files.pythonhosted.org/packages/d1/2f/0d1efd07c74c52b6886c32a3b906fb8afd2fecf448650e73ecb90a5a27f1/charset_normalizer-3.3.2-cp38-cp38-musllinux_1_1_ppc64le.whl", hash = "sha256:4d0d1650369165a14e14e1e47b372cfcb31d6ab44e6e33cb2d4e57265290044d", size = 148925, upload-time = "2023-11-01T04:04:23.472Z" },
    { url = "https://files.pythonhosted.org/packages/bd/28/7ea29e73eea52c7e15b4b9108d0743fc9e4cc2cdb00d275af1df3d46d360/charset_normalizer-3.3.2-cp38-cp38-musllinux_1_1_s390x.whl", hash = "sha256:923c0c831b7cfcb071580d3f46c4baf50f174be571576556269530f4bbd79d04", size = 140732, upload-time = "2023-11-01T04:04:25.156Z" },
    { url = "https://files.pythonhosted.org/packages/b3/c1/ebca8e87c714a6a561cfee063f0655f742e54b8ae6e78151f60ba8708b3a/charset_normalizer-3.3.2-cp38-cp38-musllinux_1_1_x86_64.whl", hash = "sha256:06a81e93cd441c56a9b65d8e1d043daeb97a3d0856d177d5c90ba85acb3db087", size = 141288, upload-time = "2023-11-01T04:04:26.567Z" },
    { url = "https://files.pythonhosted.org/packages/74/20/8923a06f15eb3d7f6a306729360bd58f9ead1dc39bc7ea8831f4b407e4ae/charset_normalizer-3.3.2-cp38-cp38-win32.whl", hash = "sha256:6ef1d82a3af9d3eecdba2321dc1b3c238245d890843e040e41e470ffa64c3e25", size = 92373, upload-time = "2023-11-01T04:04:29.116Z" },
    { url = "https://files.pythonhosted.org/packages/db/fb/d29e343e7c57bbf1231275939f6e75eb740cd47a9d7cb2c52ffeb62ef869/charset_normalizer-3.3.2-cp38-cp38-win_amd64.whl", hash = "sha256:eb8821e09e916165e160797a6c17edda0679379a4be5c716c260e836e122f54b", size = 99577, upload-time = "2023-11-01T04:04:30.833Z" },
    { url = "https://files.pythonhosted.org/packages/28/76/e6222113b83e3622caa4bb41032d0b1bf785250607392e1b778aca0b8a7d/charset_normalizer-3.3.2-py3-none-any.whl", hash = "sha256:3e4d1f6587322d2788836a99c69062fbb091331ec940e02d12d179c1d53e25fc", size = 48543, upload-time = "2023-11-01T04:04:58.622Z" },
]

[[package]]
name = "cython"
version = "3.0.8"
source = { registry = "https://pypi.org/simple" }
sdist = { url = "https://files.pythonhosted.org/packages/68/09/ffb61f29b8e3d207c444032b21328327d753e274ea081bc74e009827cc81/Cython-3.0.8.tar.gz", hash = "sha256:8333423d8fd5765e7cceea3a9985dd1e0a5dfeb2734629e1a2ed2d6233d39de6", size = 2744096, upload-time = "2024-01-10T11:01:02.155Z" }
wheels = [
    { url = "https://files.pythonhosted.org/packages/aa/83/5b0aa0dc2f78fde2782181b9dd01af4395b2a18def1d745a03e74a1e925b/Cython-3.0.8-cp38-cp38-macosx_10_9_x86_64.whl", hash = "sha256:2cde23c555470db3f149ede78b518e8274853745289c956a0e06ad8d982e4db9", size = 3078852, upload-time = "2024-01-10T11:35:19.898Z" },
    { url = "https://files.pythonhosted.org/packages/97/e4/908b7d70cad95f432dbcbba734c300cfdcf50bb918007eb27af0ac95fbad/Cython-3.0.8-cp38-cp38-manylinux_2_17_aarch64.manylinux2014_aarch64.whl", hash = "sha256:7990ca127e1f1beedaf8fc8bf66541d066ef4723ad7d8d47a7cbf842e0f47580", size = 3466146, upload-time = "2024-01-10T11:03:38.147Z" },
    { url = "https://files.pythonhosted.org/packages/4d/75/c6173ce882a7457f4506e21e1c7598026e3396165a3fa1e6008856a325d2/Cython-3.0.8-cp38-cp38-manylinux_2_17_x86_64.manylinux2014_x86_64.whl", hash = "sha256:4b983c8e6803f016146c26854d9150ddad5662960c804ea7f0c752c9266752f0", size = 3634560, upload-time = "2024-01-10T11:03:40.768Z" },
    { url = "https://files.pythonhosted.org/packages/18/2a/bf1bbf276a72e0c3ff007f51e85f4f32aeb1e70278db3325592b66ec3c41/Cython-3.0.8-cp38-cp38-manylinux_2_5_i686.manylinux1_i686.manylinux_2_17_i686.manylinux2014_i686.whl", hash = "sha256:a973268d7ca1a2bdf78575e459a94a78e1a0a9bb62a7db0c50041949a73b02ff", size = 3684280, upload-time = "2024-01-10T11:03:44.443Z" },
    { url = "https://files.pythonhosted.org/packages/bf/24/622c5581e0ee483c2416a234a41cc0ba52caf205dd12f7963b354c795fc5/Cython-3.0.8-cp38-cp38-musllinux_1_1_aarch64.whl", hash = "sha256:61a237bc9dd23c7faef0fcfce88c11c65d0c9bb73c74ccfa408b3a012073c20e", size = 3495397, upload-time = "2024-01-10T11:03:47.105Z" },
    { url = "https://files.pythonhosted.org/packages/c7/b1/d5b0c39d1b30d107376a0e5fc4b6a2a18b4cfa7062d7c744f6f25d9f457f/Cython-3.0.8-cp38-cp38-musllinux_1_1_x86_64.whl", hash = "sha256:3a3d67f079598af49e90ff9655bf85bd358f093d727eb21ca2708f467c489cae", size = 3648881, upload-time = "2024-01-10T11:03:50.291Z" },
    { url = "https://files.pythonhosted.org/packages/7f/b7/d62e30c349f1745d03dcc6cdc7a481e0ef387a10465add329a85ecb5a0b2/Cython-3.0.8-cp38-cp38-win32.whl", hash = "sha256:17a642bb01a693e34c914106566f59844b4461665066613913463a719e0dd15d", size = 2583124, upload-time = "2024-01-10T11:03:53.066Z" },
    { url = "https://files.pythonhosted.org/packages/86/57/0e6dcb19124ac2a2d5606bc193a12c947190b4a7bcb68c9e65f366d94891/Cython-3.0.8-cp38-cp38-win_amd64.whl", hash = "sha256:2cdfc32252f3b6dc7c94032ab744dcedb45286733443c294d8f909a4854e7f83", size = 2789268, upload-time = "2024-01-10T11:03:55.632Z" },
    { url = "https://files.pythonhosted.org/packages/e3/7f/f584f5d15323feb897d42ef0e9d910649e2150d7a30cf7e7a8cc1d236e6f/Cython-3.0.8-py2.py3-none-any.whl", hash = "sha256:171b27051253d3f9108e9759e504ba59ff06e7f7ba944457f94deaf9c21bf0b6", size = 1168213, upload-time = "2024-01-10T11:00:56.857Z" },
]

[[package]]
name = "ebo"
version = "0.0.8"
source = { git = "https://github.com/LeoIV/Ensemble-Bayesian-Optimization.git#43952f5c814c04f74b954f684fbe47e658ca8c67" }
dependencies = [
    { name = "azure-storage" },
    { name = "box2d" },
    { name = "box2d-py" },
    { name = "cython" },
    { name = "msrest" },
    { name = "numpy" },
    { name = "pygame" },
    { name = "requests" },
    { name = "scikit-learn" },
    { name = "scipy" },
]

[[package]]
name = "ebobenchmarks"
version = "0.1.0"
source = { editable = "." }
dependencies = [
    { name = "bencherscaffold" },
    { name = "ebo" },
    { name = "numpy" },
]

[package.metadata]
requires-dist = [
    { name = "bencherscaffold", specifier = "~=0.4.0" },
    { name = "ebo", git = "https://github.com/LeoIV/Ensemble-Bayesian-Optimization.git" },
    { name = "numpy", specifier = ">=1.20.1,<2" },
]

[[package]]
name = "grpcio"
version = "1.70.0"
source = { registry = "https://pypi.org/simple" }
sdist = { url = "https://files.pythonhosted.org/packages/69/e1/4b21b5017c33f3600dcc32b802bb48fe44a4d36d6c066f52650c7c2690fa/grpcio-1.70.0.tar.gz", hash = "sha256:8d1584a68d5922330025881e63a6c1b54cc8117291d382e4fa69339b6d914c56", size = 12788932, upload-time = "2025-01-23T18:00:17.288Z" }
wheels = [
    { url = "https://files.pythonhosted.org/packages/38/5f/d7fe323c18a2ec98a2a9b38fb985f5e843f76990298d7c4ce095f44b46a7/grpcio-1.70.0-cp38-cp38-linux_armv7l.whl", hash = "sha256:8058667a755f97407fca257c844018b80004ae8035565ebc2812cc550110718d", size = 5232027, upload-time = "2025-01-23T17:55:07.597Z" },
    { url = "https://files.pythonhosted.org/packages/d4/4b/3d3b5548575b635f51883212a482cd237e8525535d4591b9dc7e5b2c2ddc/grpcio-1.70.0-cp38-cp38-macosx_10_14_universal2.whl", hash = "sha256:879a61bf52ff8ccacbedf534665bb5478ec8e86ad483e76fe4f729aaef867cab", size = 11448811, upload-time = "2025-01-23T17:55:11.773Z" },
    { url = "https://files.pythonhosted.org/packages/8a/d7/9a0922fc12d339271c7e4e6691470172b7c13715fed7bd934274803f1527/grpcio-1.70.0-cp38-cp38-manylinux_2_17_aarch64.whl", hash = "sha256:0ba0a173f4feacf90ee618fbc1a27956bfd21260cd31ced9bc707ef551ff7dc7", size = 5711890, upload-time = "2025-01-23T17:55:17.167Z" },
    { url = "https://files.pythonhosted.org/packages/1e/ae/d4dbf8bff0f1d270f118d08558bc8dc0489e026d6620a4e3ee2d79d79041/grpcio-1.70.0-cp38-cp38-manylinux_2_17_i686.manylinux2014_i686.whl", hash = "sha256:558c386ecb0148f4f99b1a65160f9d4b790ed3163e8610d11db47838d452512d", size = 6331933, upload-time = "2025-01-23T17:55:19.771Z" },
    { url = "https://files.pythonhosted.org/packages/2c/64/66a74c02b00e00b919c245ca9da8e5c44e8692bf3fe7f27efbc97572566c/grpcio-1.70.0-cp38-cp38-manylinux_2_17_x86_64.manylinux2014_x86_64.whl", hash = "sha256:412faabcc787bbc826f51be261ae5fa996b21263de5368a55dc2cf824dc5090e", size = 5950685, upload-time = "2025-01-23T17:55:22.253Z" },
    { url = "https://files.pythonhosted.org/packages/b0/64/e992ac693118c37164e085676216d258804d7a5bbf3581d3f989c843a9a5/grpcio-1.70.0-cp38-cp38-musllinux_1_1_i686.whl", hash = "sha256:3b0f01f6ed9994d7a0b27eeddea43ceac1b7e6f3f9d86aeec0f0064b8cf50fdb", size = 6640974, upload-time = "2025-01-23T17:55:24.757Z" },
    { url = "https://files.pythonhosted.org/packages/57/17/34d0a6af4477fd48b8b41d13782fb1e35b8841b17d6ac7a3eb24d2f3b17e/grpcio-1.70.0-cp38-cp38-musllinux_1_1_x86_64.whl", hash = "sha256:7385b1cb064734005204bc8994eed7dcb801ed6c2eda283f613ad8c6c75cf873", size = 6204792, upload-time = "2025-01-23T17:55:27Z" },
    { url = "https://files.pythonhosted.org/packages/d3/e5/e45d8eb81929c0becd5bda413b60262f79d862e19cff632d496909aa3bd0/grpcio-1.70.0-cp38-cp38-win32.whl", hash = "sha256:07269ff4940f6fb6710951116a04cd70284da86d0a4368fd5a3b552744511f5a", size = 3620015, upload-time = "2025-01-23T17:55:29.386Z" },
    { url = "https://files.pythonhosted.org/packages/87/7d/36009c38093e62969c708f20b86ab6761c2ba974b12ff10def6f397f24fa/grpcio-1.70.0-cp38-cp38-win_amd64.whl", hash = "sha256:aba19419aef9b254e15011b230a180e26e0f6864c90406fdbc255f01d83bc83c", size = 4307043, upload-time = "2025-01-23T17:55:31.823Z" },
]

[[package]]
name = "idna"
version = "3.6"
source = { registry = "https://pypi.org/simple" }
sdist = { url = "https://files.pythonhosted.org/packages/bf/3f/ea4b9117521a1e9c50344b909be7886dd00a519552724809bb1f486986c2/idna-3.6.tar.gz", hash = "sha256:9ecdbbd083b06798ae1e86adcbfe8ab1479cf864e4ee30fe4e46a003d12491ca", size = 175426, upload-time = "2023-11-25T15:40:54.902Z" }
wheels = [
    { url = "https://files.pythonhosted.org/packages/c2/e7/a82b05cf63a603df6e68d59ae6a68bf5064484a0718ea5033660af4b54a9/idna-3.6-py3-none-any.whl", hash = "sha256:c05567e9c24a6b9faaa835c4821bad0590fbb9d5779e7caa6e1cc4978e7eb24f", size = 61567, upload-time = "2023-11-25T15:40:52.604Z" },
]

[[package]]
name = "isodate"
version = "0.6.1"
source = { registry = "https://pypi.org/simple" }
dependencies = [
    { name = "six" },
]
sdist = { url = "https://files.pythonhosted.org/packages/db/7a/c0a56c7d56c7fa723988f122fa1f1ccf8c5c4ccc48efad0d214b49e5b1af/isodate-0.6.1.tar.gz", hash = "sha256:48c5881de7e8b0a0d648cb024c8062dc84e7b840ed81e864c7614fd3c127bde9", size = 28443, upload-time = "2021-12-13T20:28:31.525Z" }
wheels = [
    { url = "https://files.pythonhosted.org/packages/b6/85/7882d311924cbcfc70b1890780763e36ff0b140c7e51c110fc59a532f087/isodate-0.6.1-py2.py3-none-any.whl", hash = "sha256:0751eece944162659049d35f4f549ed815792b38793f07cf73381c1c87cbed96", size = 41722, upload-time = "2021-12-13T20:28:29.073Z" },
]

[[package]]
name = "joblib"
version = "1.3.2"
source = { registry = "https://pypi.org/simple" }
sdist = { url = "https://files.pythonhosted.org/packages/15/0f/d3b33b9f106dddef461f6df1872b7881321b247f3d255b87f61a7636f7fe/joblib-1.3.2.tar.gz", hash = "sha256:92f865e621e17784e7955080b6d042489e3b8e294949cc44c6eac304f59772b1", size = 1987720, upload-time = "2023-08-09T09:23:40.503Z" }
wheels = [
    { url = "https://files.pythonhosted.org/packages/10/40/d551139c85db202f1f384ba8bcf96aca2f329440a844f924c8a0040b6d02/joblib-1.3.2-py3-none-any.whl", hash = "sha256:ef4331c65f239985f3f2220ecc87db222f08fd22097a3dd5698f693875f8cbb9", size = 302207, upload-time = "2023-08-09T09:23:34.583Z" },
]

[[package]]
name = "msrest"
version = "0.7.1"
source = { registry = "https://pypi.org/simple" }
dependencies = [
    { name = "azure-core" },
    { name = "certifi" },
    { name = "isodate" },
    { name = "requests" },
    { name = "requests-oauthlib" },
]
sdist = { url = "https://files.pythonhosted.org/packages/68/77/8397c8fb8fc257d8ea0fa66f8068e073278c65f05acb17dcb22a02bfdc42/msrest-0.7.1.zip", hash = "sha256:6e7661f46f3afd88b75667b7187a92829924446c7ea1d169be8c4bb7eeb788b9", size = 175332, upload-time = "2022-06-13T22:41:25.111Z" }
wheels = [
    { url = "https://files.pythonhosted.org/packages/15/cf/f2966a2638144491f8696c27320d5219f48a072715075d168b31d3237720/msrest-0.7.1-py3-none-any.whl", hash = "sha256:21120a810e1233e5e6cc7fe40b474eeb4ec6f757a15d7cf86702c369f9567c32", size = 85384, upload-time = "2022-06-13T22:41:22.42Z" },
]

[[package]]
name = "numpy"
version = "1.24.4"
source = { registry = "https://pypi.org/simple" }
sdist = { url = "https://files.pythonhosted.org/packages/a4/9b/027bec52c633f6556dba6b722d9a0befb40498b9ceddd29cbe67a45a127c/numpy-1.24.4.tar.gz", hash = "sha256:80f5e3a4e498641401868df4208b74581206afbee7cf7b8329daae82676d9463", size = 10911229, upload-time = "2023-06-26T13:39:33.218Z" }
wheels = [
    { url = "https://files.pythonhosted.org/packages/11/10/943cfb579f1a02909ff96464c69893b1d25be3731b5d3652c2e0cf1281ea/numpy-1.24.4-cp38-cp38-macosx_10_9_x86_64.whl", hash = "sha256:1452241c290f3e2a312c137a9999cdbf63f78864d63c79039bda65ee86943f61", size = 19780722, upload-time = "2023-06-26T13:27:49.573Z" },
    { url = "https://files.pythonhosted.org/packages/a7/ae/f53b7b265fdc701e663fbb322a8e9d4b14d9cb7b2385f45ddfabfc4327e4/numpy-1.24.4-cp38-cp38-macosx_11_0_arm64.whl", hash = "sha256:04640dab83f7c6c85abf9cd729c5b65f1ebd0ccf9de90b270cd61935eef0197f", size = 13843102, upload-time = "2023-06-26T13:28:12.288Z" },
    { url = "https://files.pythonhosted.org/packages/25/6f/2586a50ad72e8dbb1d8381f837008a0321a3516dfd7cb57fc8cf7e4bb06b/numpy-1.24.4-cp38-cp38-manylinux_2_17_aarch64.manylinux2014_aarch64.whl", hash = "sha256:a5425b114831d1e77e4b5d812b69d11d962e104095a5b9c3b641a218abcc050e", size = 14039616, upload-time = "2023-06-26T13:28:35.659Z" },
    { url = "https://files.pythonhosted.org/packages/98/5d/5738903efe0ecb73e51eb44feafba32bdba2081263d40c5043568ff60faf/numpy-1.24.4-cp38-cp38-manylinux_2_17_x86_64.manylinux2014_x86_64.whl", hash = "sha256:dd80e219fd4c71fc3699fc1dadac5dcf4fd882bfc6f7ec53d30fa197b8ee22dc", size = 17316263, upload-time = "2023-06-26T13:29:09.272Z" },
    { url = "https://files.pythonhosted.org/packages/d1/57/8d328f0b91c733aa9aa7ee540dbc49b58796c862b4fbcb1146c701e888da/numpy-1.24.4-cp38-cp38-win32.whl", hash = "sha256:4602244f345453db537be5314d3983dbf5834a9701b7723ec28923e2889e0bb2", size = 12455660, upload-time = "2023-06-26T13:29:33.434Z" },
    { url = "https://files.pythonhosted.org/packages/69/65/0d47953afa0ad569d12de5f65d964321c208492064c38fe3b0b9744f8d44/numpy-1.24.4-cp38-cp38-win_amd64.whl", hash = "sha256:692f2e0f55794943c5bfff12b3f56f99af76f902fc47487bdfe97856de51a706", size = 14868112, upload-time = "2023-06-26T13:29:58.385Z" },
    { url = "https://files.pythonhosted.org/packages/a4/fd/8dff40e25e937c94257455c237b9b6bf5a30d42dd1cc11555533be099492/numpy-1.24.4-pp38-pypy38_pp73-macosx_10_9_x86_64.whl", hash = "sha256:31f13e25b4e304632a4619d0e0777662c2ffea99fcae2029556b17d8ff958aef", size = 19156590, upload-time = "2023-06-26T13:33:10.36Z" },
    { url = "https://files.pythonhosted.org/packages/42/e7/4bf953c6e05df90c6d351af69966384fed8e988d0e8c54dad7103b59f3ba/numpy-1.24.4-pp38-pypy38_pp73-manylinux_2_17_x86_64.manylinux2014_x86_64.whl", hash = "sha256:95f7ac6540e95bc440ad77f56e520da5bf877f87dca58bd095288dce8940532a", size = 16705744, upload-time = "2023-06-26T13:33:36.703Z" },
    { url = "https://files.pythonhosted.org/packages/fc/dd/9106005eb477d022b60b3817ed5937a43dad8fd1f20b0610ea8a32fcb407/numpy-1.24.4-pp38-pypy38_pp73-win_amd64.whl", hash = "sha256:e98f220aa76ca2a977fe435f5b04d7b3470c0a2e6312907b37ba6068f26787f2", size = 14734290, upload-time = "2023-06-26T13:34:05.409Z" },
]

[[package]]
name = "oauthlib"
version = "3.2.2"
source = { registry = "https://pypi.org/simple" }
sdist = { url = "https://files.pythonhosted.org/packages/6d/fa/fbf4001037904031639e6bfbfc02badfc7e12f137a8afa254df6c4c8a670/oauthlib-3.2.2.tar.gz", hash = "sha256:9859c40929662bec5d64f34d01c99e093149682a3f38915dc0655d5a633dd918", size = 177352, upload-time = "2022-10-17T20:04:27.471Z" }
wheels = [
    { url = "https://files.pythonhosted.org/packages/7e/80/cab10959dc1faead58dc8384a781dfbf93cb4d33d50988f7a69f1b7c9bbe/oauthlib-3.2.2-py3-none-any.whl", hash = "sha256:8139f29aac13e25d502680e9e19963e83f16838d48a0d71c287fe40e7067fbca", size = 151688, upload-time = "2022-10-17T20:04:24.037Z" },
]

[[package]]
name = "protobuf"
version = "4.25.3"
source = { registry = "https://pypi.org/simple" }
sdist = { url = "https://files.pythonhosted.org/packages/5e/d8/65adb47d921ce828ba319d6587aa8758da022de509c3862a70177a958844/protobuf-4.25.3.tar.gz", hash = "sha256:25b5d0b42fd000320bd7830b349e3b696435f3b329810427a6bcce6a5492cc5c", size = 380274, upload-time = "2024-02-15T23:44:39.757Z" }
wheels = [
    { url = "https://files.pythonhosted.org/packages/ce/c7/0d3bf9f6700b8ce36968899aaca4fa82d8dc6ee981f248565bec8cf3719f/protobuf-4.25.3-cp310-abi3-win32.whl", hash = "sha256:d4198877797a83cbfe9bffa3803602bbe1625dc30d8a097365dbc762e5790faa", size = 392414, upload-time = "2024-02-15T23:44:15.871Z" },
    { url = "https://files.pythonhosted.org/packages/ad/6e/1bed3b7c904cc178cb8ee8dbaf72934964452b3de95b7a63412591edb93c/protobuf-4.25.3-cp310-abi3-win_amd64.whl", hash = "sha256:209ba4cc916bab46f64e56b85b090607a676f66b473e6b762e6f1d9d591eb2e8", size = 413401, upload-time = "2024-02-15T23:44:19.146Z" },
    { url = "https://files.pythonhosted.org/packages/f3/bf/26deba06a4c910a85f78245cac7698f67cedd7efe00d04f6b3e1b3506a59/protobuf-4.25.3-cp37-abi3-macosx_10_9_universal2.whl", hash = "sha256:f1279ab38ecbfae7e456a108c5c0681e4956d5b1090027c1de0f934dfdb4b35c", size = 394162, upload-time = "2024-02-15T23:44:21.363Z" },
    { url = "https://files.pythonhosted.org/packages/d8/82/aefe901174b5a618daee511ddd00342193c1b545e3cd6a2cd6df9ba452b5/protobuf-4.25.3-cp37-abi3-manylinux2014_aarch64.whl", hash = "sha256:e7cb0ae90dd83727f0c0718634ed56837bfeeee29a5f82a7514c03ee1364c019", size = 293701, upload-time = "2024-02-15T23:44:23.59Z" },
    { url = "https://files.pythonhosted.org/packages/15/db/7f731524fe0e56c6b2eb57d05b55d3badd80ef7d1f1ed59db191b2fdd8ab/protobuf-4.25.3-cp37-abi3-manylinux2014_x86_64.whl", hash = "sha256:7c8daa26095f82482307bc717364e7c13f4f1c99659be82890dcfc215194554d", size = 294613, upload-time = "2024-02-15T23:44:25.132Z" },
    { url = "https://files.pythonhosted.org/packages/a8/42/977d30c917a8f381577c1b1c12dcf7294e846a0c43ac1d392fde5a630aa8/protobuf-4.25.3-cp38-cp38-win32.whl", hash = "sha256:f4f118245c4a087776e0a8408be33cf09f6c547442c00395fbfb116fac2f8ac2", size = 392484, upload-time = "2024-02-15T23:44:26.935Z" },
    { url = "https://files.pythonhosted.org/packages/f7/c7/ece313d1c33bb22d5e92d3a9e3a1f786a74b9830ded384d3b59cb8ca513f/protobuf-4.25.3-cp38-cp38-win_amd64.whl", hash = "sha256:c053062984e61144385022e53678fbded7aea14ebb3e0305ae3592fb219ccfa4", size = 413358, upload-time = "2024-02-15T23:44:29.14Z" },
    { url = "https://files.pythonhosted.org/packages/f4/d5/db585a5e8d64af6b384c7b3a63da13df2ff86933e486ba78431736c67c25/protobuf-4.25.3-py3-none-any.whl", hash = "sha256:f0700d54bcf45424477e46a9f0944155b46fb0639d69728739c0e47bab83f2b9", size = 156466, upload-time = "2024-02-15T23:44:36.771Z" },
]

[[package]]
name = "pygame"
version = "2.5.2"
source = { registry = "https://pypi.org/simple" }
sdist = { url = "https://files.pythonhosted.org/packages/c6/aa/2c0c867d6cff00966cfc2152b25f61599f87e88b239e4dcb8ad5357f0f69/pygame-2.5.2.tar.gz", hash = "sha256:c1b89eb5d539e7ac5cf75513125fb5f2f0a2d918b1fd6e981f23bf0ac1b1c24a", size = 15788328, upload-time = "2023-09-17T22:27:49.577Z" }
wheels = [
    { url = "https://files.pythonhosted.org/packages/9d/cf/a90b016b27b5101325446a60b0a6ce2a2b93280aa6cc09a76e7fb6f801cd/pygame-2.5.2-cp38-cp38-macosx_10_9_x86_64.whl", hash = "sha256:677e37bc0ea7afd89dde5a88ced4458aa8656159c70a576eea68b5622ee1997b", size = 12803738, upload-time = "2023-09-17T22:50:11.828Z" },
    { url = "https://files.pythonhosted.org/packages/2e/d8/0275a27e42f76ba4459e11a34fa787bd341a496afbc79ed460d52c0c8495/pygame-2.5.2-cp38-cp38-macosx_11_0_arm64.whl", hash = "sha256:47a8415d2bd60e6909823b5643a1d4ef5cc29417d817f2a214b255f6fa3a1e4c", size = 12251070, upload-time = "2023-09-17T22:50:18.149Z" },
    { url = "https://files.pythonhosted.org/packages/88/be/2d17835967278e6484ade1db684f608b2e29e4cc9978321c2042d118d085/pygame-2.5.2-cp38-cp38-manylinux_2_17_aarch64.manylinux2014_aarch64.whl", hash = "sha256:4ff21201df6278b8ca2e948fb148ffe88f5481fd03760f381dd61e45954c7dff", size = 13612973, upload-time = "2023-09-17T22:24:36.18Z" },
    { url = "https://files.pythonhosted.org/packages/12/e0/6b8addd19c2d547cb365b70a0426671dd47a0217486e2be62505aa9999d1/pygame-2.5.2-cp38-cp38-manylinux_2_17_i686.manylinux2014_i686.whl", hash = "sha256:d29a84b2e02814b9ba925357fd2e1df78efe5e1aa64dc3051eaed95d2b96eafd", size = 14295224, upload-time = "2023-09-17T22:47:59.954Z" },
    { url = "https://files.pythonhosted.org/packages/6c/61/3222946b522f54b22104ddd67aab871dc73b917e53c92686959545a36e16/pygame-2.5.2-cp38-cp38-manylinux_2_17_x86_64.manylinux2014_x86_64.whl", hash = "sha256:d78485c4d21133d6b2fbb504cd544ca655e50b6eb551d2995b3aa6035928adda", size = 13967838, upload-time = "2023-09-17T22:48:03.196Z" },
    { url = "https://files.pythonhosted.org/packages/f1/ba/fe5a0ed7adc1891bba486a431271d3c422afaf00644cf77abf8521f44890/pygame-2.5.2-cp38-cp38-win32.whl", hash = "sha256:d851247239548aa357c4a6840fb67adc2d570ce7cb56988d036a723d26b48bff", size = 10387124, upload-time = "2023-09-17T22:28:50.08Z" },
    { url = "https://files.pythonhosted.org/packages/b0/e9/9c4c6c7effc61b929cae3157aabb9f44f565b1113f4d9c6d6a5180abcb5b/pygame-2.5.2-cp38-cp38-win_amd64.whl", hash = "sha256:88d1cdacc2d3471eceab98bf0c93c14d3a8461f93e58e3d926f20d4de3a75554", size = 10753943, upload-time = "2023-09-17T22:53:23.001Z" },
    { url = "https://files.pythonhosted.org/packages/8d/45/d3306e43a7458dcbd41d1719e91acd0d601023ecada565d64ec07071b8bf/pygame-2.5.2-pp38-pypy38_pp73-macosx_10_9_x86_64.whl", hash = "sha256:e58e2b0c791041e4bccafa5bd7650623ba1592b8fe62ae0a276b7d0ecb314b6c", size = 12605823, upload-time = "2023-09-17T22:50:40.437Z" },
    { url = "https://files.pythonhosted.org/packages/10/49/5364c3037c0d71d6b48b576546e737c517fb3014c52caacc22d4a3e31937/pygame-2.5.2-pp38-pypy38_pp73-manylinux_2_17_i686.manylinux2014_i686.whl", hash = "sha256:a0bd67426c02ffe6c9827fc4bcbda9442fbc451d29b17c83a3c088c56fef2c90", size = 14153756, upload-time = "2023-09-17T22:48:16.629Z" },
    { url = "https://files.pythonhosted.org/packages/a3/4d/62b149afc4a5b88b3a710a9cfab5e86c512206f8366b2efff0871196beaf/pygame-2.5.2-pp38-pypy38_pp73-manylinux_2_17_x86_64.manylinux2014_x86_64.whl", hash = "sha256:9dcff6cbba1584cf7732ce1dbdd044406cd4f6e296d13bcb7fba963fb4aeefc9", size = 13841990, upload-time = "2023-09-17T22:48:19.635Z" },
]

[[package]]
name = "python-dateutil"
version = "2.9.0"
source = { registry = "https://pypi.org/simple" }
dependencies = [
    { name = "six" },
]
sdist = { url = "https://files.pythonhosted.org/packages/d9/77/bd458a2e387e98f71de86dcc2ca2cab64489736004c80bc12b70da8b5488/python-dateutil-2.9.0.tar.gz", hash = "sha256:78e73e19c63f5b20ffa567001531680d939dc042bf7850431877645523c66709", size = 342990, upload-time = "2024-03-01T03:52:54.963Z" }
wheels = [
    { url = "https://files.pythonhosted.org/packages/13/7f/98d6f9ca8b731506c85785bbb8806c01f5966a4df6d68c0d1cf3b16967e1/python_dateutil-2.9.0-py2.py3-none-any.whl", hash = "sha256:cbf2f1da5e6083ac2fbfd4da39a25f34312230110440f424a14c7558bb85d82e", size = 230495, upload-time = "2024-03-01T03:52:51.479Z" },
]

[[package]]
name = "requests"
version = "2.31.0"
source = { registry = "https://pypi.org/simple" }
dependencies = [
    { name = "certifi" },
    { name = "charset-normalizer" },
    { name = "idna" },
    { name = "urllib3" },
]
sdist = { url = "https://files.pythonhosted.org/packages/9d/be/10918a2eac4ae9f02f6cfe6414b7a155ccd8f7f9d4380d62fd5b955065c3/requests-2.31.0.tar.gz", hash = "sha256:942c5a758f98d790eaed1a29cb6eefc7ffb0d1cf7af05c3d2791656dbd6ad1e1", size = 110794, upload-time = "2023-05-22T15:12:44.175Z" }
wheels = [
    { url = "https://files.pythonhosted.org/packages/70/8e/0e2d847013cb52cd35b38c009bb167a1a26b2ce6cd6965bf26b47bc0bf44/requests-2.31.0-py3-none-any.whl", hash = "sha256:58cd2187c01e70e6e26505bca751777aa9f2ee0b7f4300988b709f44e013003f", size = 62574, upload-time = "2023-05-22T15:12:42.313Z" },
]

[[package]]
name = "requests-oauthlib"
version = "1.3.1"
source = { registry = "https://pypi.org/simple" }
dependencies = [
    { name = "oauthlib" },
    { name = "requests" },
]
sdist = { url = "https://files.pythonhosted.org/packages/95/52/531ef197b426646f26b53815a7d2a67cb7a331ef098bb276db26a68ac49f/requests-oauthlib-1.3.1.tar.gz", hash = "sha256:75beac4a47881eeb94d5ea5d6ad31ef88856affe2332b9aafb52c6452ccf0d7a", size = 52027, upload-time = "2022-01-29T18:52:24.037Z" }
wheels = [
    { url = "https://files.pythonhosted.org/packages/6f/bb/5deac77a9af870143c684ab46a7934038a53eb4aa975bc0687ed6ca2c610/requests_oauthlib-1.3.1-py2.py3-none-any.whl", hash = "sha256:2577c501a2fb8d05a304c09d090d6e47c306fef15809d102b327cf8364bddab5", size = 23892, upload-time = "2022-01-29T18:52:22.279Z" },
]

[[package]]
name = "scikit-learn"
version = "1.3.2"
source = { registry = "https://pypi.org/simple" }
dependencies = [
    { name = "joblib" },
    { name = "numpy" },
    { name = "scipy" },
    { name = "threadpoolctl" },
]
sdist = { url = "https://files.pythonhosted.org/packages/88/00/835e3d280fdd7784e76bdef91dd9487582d7951a7254f59fc8004fc8b213/scikit-learn-1.3.2.tar.gz", hash = "sha256:a2f54c76accc15a34bfb9066e6c7a56c1e7235dda5762b990792330b52ccfb05", size = 7510251, upload-time = "2023-10-23T13:47:55.287Z" }
wheels = [
    { url = "https://files.pythonhosted.org/packages/e3/52/fd60b0b022af41fbf3463587ddc719288f0f2d4e46603ab3184996cd5f04/scikit_learn-1.3.2-cp38-cp38-macosx_10_9_x86_64.whl", hash = "sha256:a19f90f95ba93c1a7f7924906d0576a84da7f3b2282ac3bfb7a08a32801add93", size = 10064879, upload-time = "2023-10-23T13:47:21.392Z" },
    { url = "https://files.pythonhosted.org/packages/a4/62/92e9cec3deca8b45abf62dd8f6469d688b3f28b9c170809fcc46f110b523/scikit_learn-1.3.2-cp38-cp38-macosx_12_0_arm64.whl", hash = "sha256:b8692e395a03a60cd927125eef3a8e3424d86dde9b2370d544f0ea35f78a8073", size = 9373934, upload-time = "2023-10-23T13:47:24.645Z" },
    { url = "https://files.pythonhosted.org/packages/49/81/91585dc83ec81dcd52e934f6708bf350b06949d8bfa13bf3b711b851c3f4/scikit_learn-1.3.2-cp38-cp38-manylinux_2_17_aarch64.manylinux2014_aarch64.whl", hash = "sha256:15e1e94cc23d04d39da797ee34236ce2375ddea158b10bee3c343647d615581d", size = 10499159, upload-time = "2023-10-23T13:47:28.41Z" },
    { url = "https://files.pythonhosted.org/packages/3f/48/6fdd99f5717045f9984616b5c2ec683d6286d30c0ac234563062132b83ab/scikit_learn-1.3.2-cp38-cp38-manylinux_2_17_x86_64.manylinux2014_x86_64.whl", hash = "sha256:785a2213086b7b1abf037aeadbbd6d67159feb3e30263434139c98425e3dcfcf", size = 11067392, upload-time = "2023-10-23T13:47:32.087Z" },
    { url = "https://files.pythonhosted.org/packages/52/2d/ad6928a578c78bb0e44e34a5a922818b14c56716b81d145924f1f291416f/scikit_learn-1.3.2-cp38-cp38-win_amd64.whl", hash = "sha256:64381066f8aa63c2710e6b56edc9f0894cc7bf59bd71b8ce5613a4559b6145e0", size = 9257871, upload-time = "2023-10-23T13:47:36.142Z" },
]

[[package]]
name = "scipy"
version = "1.9.3"
source = { registry = "https://pypi.org/simple" }
dependencies = [
    { name = "numpy" },
]
sdist = { url = "https://files.pythonhosted.org/packages/0a/2e/44795c6398e24e45fa0bb61c3e98de1cfea567b1b51efd3751e2f7ff9720/scipy-1.9.3.tar.gz", hash = "sha256:fbc5c05c85c1a02be77b1ff591087c83bc44579c6d2bd9fb798bb64ea5e1a027", size = 42075414, upload-time = "2022-10-20T02:33:46.579Z" }
wheels = [
    { url = "https://files.pythonhosted.org/packages/84/86/4f38fa30c112c3590954420f85d95b8cd23811ecc5cfc4bfd4d988d4db44/scipy-1.9.3-cp38-cp38-macosx_10_9_x86_64.whl", hash = "sha256:5a04cd7d0d3eff6ea4719371cbc44df31411862b9646db617c99718ff68d4840", size = 34171254, upload-time = "2022-10-20T00:53:26.939Z" },
    { url = "https://files.pythonhosted.org/packages/44/8a/bae77e624391b27aeea2d33a02f2ce4a8019f1378ce92faf5780f1521f2e/scipy-1.9.3-cp38-cp38-macosx_12_0_arm64.whl", hash = "sha256:545c83ffb518094d8c9d83cce216c0c32f8c04aaf28b92cc8283eda0685162d5", size = 28480393, upload-time = "2022-10-20T00:55:00.701Z" },
    { url = "https://files.pythonhosted.org/packages/f4/9d/882134b1e774a9227ab855c71a39612194e1106185595417ce92f0f1e78c/scipy-1.9.3-cp38-cp38-manylinux_2_17_aarch64.manylinux2014_aarch64.whl", hash = "sha256:0d54222d7a3ba6022fdf5773931b5d7c56efe41ede7f7128c7b1637700409108", size = 30384443, upload-time = "2022-10-20T02:11:25.971Z" },
    { url = "https://files.pythonhosted.org/packages/56/af/6a2b90fe280e89466d84747054667f74b84a8304f75931a173090919991f/scipy-1.9.3-cp38-cp38-manylinux_2_17_x86_64.manylinux2014_x86_64.whl", hash = "sha256:cff3a5295234037e39500d35316a4c5794739433528310e117b8a9a0c76d20fc", size = 33779355, upload-time = "2022-10-20T02:13:11.628Z" },
    { url = "https://files.pythonhosted.org/packages/42/14/d2500818b7bb7b862d70c1ae97e646a4795b068583c67720553764095024/scipy-1.9.3-cp38-cp38-win_amd64.whl", hash = "sha256:2318bef588acc7a574f5bfdff9c172d0b1bf2c8143d9582e05f878e580a3781e", size = 39775138, upload-time = "2022-10-20T02:15:24.233Z" },
]

[[package]]
name = "six"
version = "1.16.0"
source = { registry = "https://pypi.org/simple" }
sdist = { url = "https://files.pythonhosted.org/packages/71/39/171f1c67cd00715f190ba0b100d606d440a28c93c7714febeca8b79af85e/six-1.16.0.tar.gz", hash = "sha256:1e61c37477a1626458e36f7b1d82aa5c9b094fa4802892072e49de9c60c4c926", size = 34041, upload-time = "2021-05-05T14:18:18.379Z" }
wheels = [
    { url = "https://files.pythonhosted.org/packages/d9/5a/e7c31adbe875f2abbb91bd84cf2dc52d792b5a01506781dbcf25c91daf11/six-1.16.0-py2.py3-none-any.whl", hash = "sha256:8abb2f1d86890a2dfb989f9a77cfcfd3e47c2a354b01111771326f8aa26e0254", size = 11053, upload-time = "2021-05-05T14:18:17.237Z" },
]

[[package]]
name = "threadpoolctl"
version = "3.3.0"
source = { registry = "https://pypi.org/simple" }
sdist = { url = "https://files.pythonhosted.org/packages/11/1f/4ff23607bb8fef4ac3bc0440d2bdb878b32eb87dc592d76326c079c2c546/threadpoolctl-3.3.0.tar.gz", hash = "sha256:5dac632b4fa2d43f42130267929af3ba01399ef4bd1882918e92dbc30365d30c", size = 41035, upload-time = "2024-02-14T16:47:14.454Z" }
wheels = [
    { url = "https://files.pythonhosted.org/packages/b1/2c/f504e55d98418f2fcf756a56877e6d9a45dd5ed28b3d7c267b300e85ad5b/threadpoolctl-3.3.0-py3-none-any.whl", hash = "sha256:6155be1f4a39f31a18ea70f94a77e0ccd57dced08122ea61109e7da89883781e", size = 17511, upload-time = "2024-02-14T16:47:01.486Z" },
]

[[package]]
name = "typing-extensions"
version = "4.10.0"
source = { registry = "https://pypi.org/simple" }
sdist = { url = "https://files.pythonhosted.org/packages/16/3a/0d26ce356c7465a19c9ea8814b960f8a36c3b0d07c323176620b7b483e44/typing_extensions-4.10.0.tar.gz", hash = "sha256:b0abd7c89e8fb96f98db18d86106ff1d90ab692004eb746cf6eda2682f91b3cb", size = 77558, upload-time = "2024-02-25T22:12:49.693Z" }
wheels = [
    { url = "https://files.pythonhosted.org/packages/f9/de/dc04a3ea60b22624b51c703a84bbe0184abcd1d0b9bc8074b5d6b7ab90bb/typing_extensions-4.10.0-py3-none-any.whl", hash = "sha256:69b1a937c3a517342112fb4c6df7e72fc39a38e7891a5730ed4985b5214b5475", size = 33926, upload-time = "2024-02-25T22:12:47.72Z" },
]

[[package]]
name = "urllib3"
version = "2.2.1"
source = { registry = "https://pypi.org/simple" }
sdist = { url = "https://files.pythonhosted.org/packages/7a/50/7fd50a27caa0652cd4caf224aa87741ea41d3265ad13f010886167cfcc79/urllib3-2.2.1.tar.gz", hash = "sha256:d0570876c61ab9e520d776c38acbbb5b05a776d3f9ff98a5c8fd5162a444cf19", size = 291020, upload-time = "2024-02-18T03:55:57.539Z" }
wheels = [
    { url = "https://files.pythonhosted.org/packages/a2/73/a68704750a7679d0b6d3ad7aa8d4da8e14e151ae82e6fee774e6e0d05ec8/urllib3-2.2.1-py3-none-any.whl", hash = "sha256:450b20ec296a467077128bff42b73080516e71b56ff59a60a02bef2232c4fa9d", size = 121067, upload-time = "2024-02-18T03:55:54.704Z" },
]
