version = 1
revision = 3
requires-python = "==3.11.*"

[[package]]
name = "bencherscaffold"
version = "0.4.6"
source = { registry = "https://pypi.org/simple" }
dependencies = [
    { name = "grpcio" },
    { name = "protobuf" },
]
sdist = { url = "https://files.pythonhosted.org/packages/41/0c/3e15b249ae85d812acb4b7aafa6567cc9eada2a2392be08996df65ed2c44/bencherscaffold-0.4.6.tar.gz", hash = "sha256:c1c66856e469fddd471c12553016cebb92babb1145babd3de507a27438720863", size = 6035, upload-time = "2026-02-02T11:23:30.891Z" }
wheels = [
    { url = "https://files.pythonhosted.org/packages/47/95/f8de4a392a7300510998742125d8986cbe99d6a8ed49bc7dfbb6b802ec54/bencherscaffold-0.4.6-py3-none-any.whl", hash = "sha256:e227f86bc2f243548037fe62f8c2d76d7faf046589142a744d845ed20be689cc", size = 11047, upload-time = "2026-02-02T11:23:29.38Z" },
]

[[package]]
name = "bencherserver"
version = "0.1.0"
source = { editable = "." }
dependencies = [
    { name = "bencherscaffold" },
    { name = "grpcio" },
    { name = "protobuf" },
]

[package.metadata]
requires-dist = [
    { name = "bencherscaffold", specifier = "~=0.4.0" },
    { name = "grpcio", specifier = ">=1.60.1,<2" },
    { name = "protobuf", specifier = ">=4.25.2,<5" },
]

[[package]]
name = "grpcio"
version = "1.70.0"
source = { registry = "https://pypi.org/simple" }
sdist = { url = "https://files.pythonhosted.org/packages/69/e1/4b21b5017c33f3600dcc32b802bb48fe44a4d36d6c066f52650c7c2690fa/grpcio-1.70.0.tar.gz", hash = "sha256:8d1584a68d5922330025881e63a6c1b54cc8117291d382e4fa69339b6d914c56", size = 12788932, upload-time = "2025-01-23T18:00:17.288Z" }
wheels = [
    { url = "https://files.pythonhosted.org/packages/65/c4/1f67d23d6bcadd2fd61fb460e5969c52b3390b4a4e254b5e04a6d1009e5e/grpcio-1.70.0-cp311-cp311-linux_armv7l.whl", hash = "sha256:17325b0be0c068f35770f944124e8839ea3185d6d54862800fc28cc2ffad205a", size = 5229017, upload-time = "2025-01-23T17:53:44.732Z" },
    { url = "https://files.pythonhosted.org/packages/e4/bd/cc36811c582d663a740fb45edf9f99ddbd99a10b6ba38267dc925e1e193a/grpcio-1.70.0-cp311-cp311-macosx_10_14_universal2.whl", hash = "sha256:dbe41ad140df911e796d4463168e33ef80a24f5d21ef4d1e310553fcd2c4a386", size = 11472027, upload-time = "2025-01-23T17:53:50.417Z" },
    { url = "https://files.pythonhosted.org/packages/7e/32/8538bb2ace5cd72da7126d1c9804bf80b4fe3be70e53e2d55675c24961a8/grpcio-1.70.0-cp311-cp311-manylinux_2_17_aarch64.whl", hash = "sha256:5ea67c72101d687d44d9c56068328da39c9ccba634cabb336075fae2eab0d04b", size = 5707785, upload-time = "2025-01-23T17:53:54.511Z" },
    { url = "https://files.pythonhosted.org/packages/ce/5c/a45f85f2a0dfe4a6429dee98717e0e8bd7bd3f604315493c39d9679ca065/grpcio-1.70.0-cp311-cp311-manylinux_2_17_i686.manylinux2014_i686.whl", hash = "sha256:cb5277db254ab7586769e490b7b22f4ddab3876c490da0a1a9d7c695ccf0bf77", size = 6331599, upload-time = "2025-01-23T17:53:58.156Z" },
    { url = "https://files.pythonhosted.org/packages/9f/e5/5316b239380b8b2ad30373eb5bb25d9fd36c0375e94a98a0a60ea357d254/grpcio-1.70.0-cp311-cp311-manylinux_2_17_x86_64.manylinux2014_x86_64.whl", hash = "sha256:e7831a0fc1beeeb7759f737f5acd9fdcda520e955049512d68fda03d91186eea", size = 5940834, upload-time = "2025-01-23T17:54:00.404Z" },
    { url = "https://files.pythonhosted.org/packages/05/33/dbf035bc6d167068b4a9f2929dfe0b03fb763f0f861ecb3bb1709a14cb65/grpcio-1.70.0-cp311-cp311-musllinux_1_1_i686.whl", hash = "sha256:27cc75e22c5dba1fbaf5a66c778e36ca9b8ce850bf58a9db887754593080d839", size = 6641191, upload-time = "2025-01-23T17:54:02.916Z" },
    { url = "https://files.pythonhosted.org/packages/4c/c4/684d877517e5bfd6232d79107e5a1151b835e9f99051faef51fed3359ec4/grpcio-1.70.0-cp311-cp311-musllinux_1_1_x86_64.whl", hash = "sha256:d63764963412e22f0491d0d32833d71087288f4e24cbcddbae82476bfa1d81fd", size = 6198744, upload-time = "2025-01-23T17:54:06.842Z" },
    { url = "https://files.pythonhosted.org/packages/e9/43/92fe5eeaf340650a7020cfb037402c7b9209e7a0f3011ea1626402219034/grpcio-1.70.0-cp311-cp311-win32.whl", hash = "sha256:bb491125103c800ec209d84c9b51f1c60ea456038e4734688004f377cfacc113", size = 3617111, upload-time = "2025-01-23T17:54:10.329Z" },
    { url = "https://files.pythonhosted.org/packages/55/15/b6cf2c9515c028aff9da6984761a3ab484a472b0dc6435fcd07ced42127d/grpcio-1.70.0-cp311-cp311-win_amd64.whl", hash = "sha256:d24035d49e026353eb042bf7b058fb831db3e06d52bee75c5f2f3ab453e71aca", size = 4304604, upload-time = "2025-01-23T17:54:12.844Z" },
]

[[package]]
name = "protobuf"
version = "4.25.6"
source = { registry = "https://pypi.org/simple" }
sdist = { url = "https://files.pythonhosted.org/packages/48/d5/cccc7e82bbda9909ced3e7a441a24205ea07fea4ce23a772743c0c7611fa/protobuf-4.25.6.tar.gz", hash = "sha256:f8cfbae7c5afd0d0eaccbe73267339bff605a2315860bb1ba08eb66670a9a91f", size = 380631, upload-time = "2025-01-24T20:53:09.498Z" }
wheels = [
    { url = "https://files.pythonhosted.org/packages/42/41/0ff3559d9a0fbdb37c9452f2b84e61f7784d8d7b9850182c7ef493f523ee/protobuf-4.25.6-cp310-abi3-win32.whl", hash = "sha256:61df6b5786e2b49fc0055f636c1e8f0aff263808bb724b95b164685ac1bcc13a", size = 392454, upload-time = "2025-01-24T20:52:51.08Z" },
    { url = "https://files.pythonhosted.org/packages/79/84/c700d6c3f3be770495b08a1c035e330497a31420e4a39a24c22c02cefc6c/protobuf-4.25.6-cp310-abi3-win_amd64.whl", hash = "sha256:b8f837bfb77513fe0e2f263250f423217a173b6d85135be4d81e96a4653bcd3c", size = 413443, upload-time = "2025-01-24T20:52:54.523Z" },
    { url = "https://files.pythonhosted.org/packages/b7/03/361e87cc824452376c2abcef0eabd18da78a7439479ec6541cf29076a4dc/protobuf-4.25.6-cp37-abi3-macosx_10_9_universal2.whl", hash = "sha256:6d4381f2417606d7e01750e2729fe6fbcda3f9883aa0c32b51d23012bded6c91", size = 394246, upload-time = "2025-01-24T20:52:56.694Z" },
    { url = "https://files.pythonhosted.org/packages/64/d5/7dbeb69b74fa88f297c6d8f11b7c9cef0c2e2fb1fdf155c2ca5775cfa998/protobuf-4.25.6-cp37-abi3-manylinux2014_aarch64.whl", hash = "sha256:5dd800da412ba7f6f26d2c08868a5023ce624e1fdb28bccca2dc957191e81fb5", size = 293714, upload-time = "2025-01-24T20:52:57.992Z" },
    { url = "https://files.pythonhosted.org/packages/d4/f0/6d5c100f6b18d973e86646aa5fc09bc12ee88a28684a56fd95511bceee68/protobuf-4.25.6-cp37-abi3-manylinux2014_x86_64.whl", hash = "sha256:4434ff8bb5576f9e0c78f47c41cdf3a152c0b44de475784cd3fd170aef16205a", size = 294634, upload-time = "2025-01-24T20:52:59.671Z" },
    { url = "https://files.pythonhosted.org/packages/71/eb/be11a1244d0e58ee04c17a1f939b100199063e26ecca8262c04827fe0bf5/protobuf-4.25.6-py3-none-any.whl", hash = "sha256:07972021c8e30b870cfc0863409d033af940213e0e7f64e27fe017b929d2c9f7", size = 156466, upload-time = "2025-01-24T20:53:08.287Z" },
]
